<?xml version="1.0" encoding="utf-8"?>
<Project xmlns="http://schemas.microsoft.com/developer/msbuild/2003">
  <ItemGroup>
    <Filter Include="Generated Files">
      <UniqueIdentifier>{71ED8ED8-ACB9-4CE9-BBE1-E00B30144E11}</UniqueIdentifier>
      <Extensions>cpp;c;cxx;moc;h;def;odl;idl;res;</Extensions>
    </Filter>
    <Filter Include="Header Files">
      <UniqueIdentifier>{93995380-89BD-4b04-88EB-625FBE52EBFB}</UniqueIdentifier>
      <Extensions>h;hpp;hxx;hm;inl;inc;xsd</Extensions>
    </Filter>
    <Filter Include="Source Files">
      <UniqueIdentifier>{4FC737F1-C7A5-4376-A066-2A32D752A2FF}</UniqueIdentifier>
      <Extensions>cpp;c;cxx;def;odl;idl;hpj;bat;asm;asmx</Extensions>
    </Filter>
  </ItemGroup>
  <ItemGroup>
    <ClCompile Include="UsenetSession.cpp">
      <Filter>Source Files</Filter>
    </ClCompile>
    <ClCompile Include="decode\YencDecoder.cpp">
      <Filter>Source Files</Filter>
    </ClCompile>
    <ClCompile Include="nntp\ArticleFetcher.cpp">
      <Filter>Source Files</Filter>
    </ClCompile>
    <ClCompile Include="nntp\NntpCommand.cpp">
      <Filter>Source Files</Filter>
    </ClCompile>
    <ClCompile Include="nntp\NntpError.cpp">
      <Filter>Source Files</Filter>
    </ClCompile>
    <ClCompile Include="nntp\NntpServerPool.cpp">
      <Filter>Source Files</Filter>
    </ClCompile>
    <ClCompile Include="nntp\NntpSocket.cpp">
      <Filter>Source Files</Filter>
    </ClCompile>
    <ClCompile Include="nzb\NzbFile.cpp">
      <Filter>Source Files</Filter>
    </ClCompile>
    <ClCompile Include="nzb\NzbInfo.cpp">
      <Filter>Source Files</Filter>
    </ClCompile>
    <ClCompile Include="nzb\SubjectParser.cpp">
      <Filter>Source Files</Filter>
    </ClCompile>
    <ClCompile Include="post\Par2Verifier.cpp">
      <Filter>Source Files</Filter>
    </ClCompile>
    <ClCompile Include="post\UsenetPostProcessor.cpp">
      <Filter>Source Files</Filter>
    </ClCompile>
    <ClCompile Include="post\UsenetUnpacker.cpp">
      <Filter>Source Files</Filter>
    </ClCompile>
    <ClCompile Include="queue\ArticleWriter.cpp">
      <Filter>Source Files</Filter>
    </ClCompile>
    <ClCompile Include="queue\UsenetQueue.cpp">
      <Filter>Source Files</Filter>
    </ClCompile>
    <ClCompile Include="queue\UsenetQueueItem.cpp">
      <Filter>Source Files</Filter>
    </ClCompile>
    <ClCompile Include="queue\UsenetQueueStore.cpp">
      <Filter>Source Files</Filter>
    </ClCompile>
    <ClCompile Include="queue\UsenetWorker.cpp">
      <Filter>Source Files</Filter>
    </ClCompile>
  </ItemGroup>
  <ItemGroup>
    <ClInclude Include="decode\YencDecoder.h">
      <Filter>Header Files</Filter>
    </ClInclude>
    <ClInclude Include="nntp\NewsServer.h">
      <Filter>Header Files</Filter>
    </ClInclude>
    <ClInclude Include="nntp\NntpCommand.h">
      <Filter>Header Files</Filter>
    </ClInclude>
    <ClInclude Include="nntp\NntpError.h">
      <Filter>Header Files</Filter>
    </ClInclude>
    <ClInclude Include="nzb\NzbFile.h">
      <Filter>Header Files</Filter>
    </ClInclude>
    <ClInclude Include="nzb\NzbInfo.h">
      <Filter>Header Files</Filter>
    </ClInclude>
    <ClInclude Include="nzb\SubjectParser.h">
      <Filter>Header Files</Filter>
    </ClInclude>
    <ClInclude Include="post\Par2Verifier.h">
      <Filter>Header Files</Filter>
    </ClInclude>
    <ClInclude Include="post\UsenetUnpacker.h">
      <Filter>Header Files</Filter>
    </ClInclude>
    <ClInclude Include="queue\ArticleWriter.h">
      <Filter>Header Files</Filter>
    </ClInclude>
    <ClInclude Include="queue\UsenetQueueItem.h">
      <Filter>Header Files</Filter>
    </ClInclude>
    <ClInclude Include="queue\UsenetQueueStore.h">
      <Filter>Header Files</Filter>
    </ClInclude>
    <QtMoc Include="UsenetSession.h">
      <Filter>Header Files</Filter>
    </QtMoc>
    <QtMoc Include="nntp\ArticleFetcher.h">
      <Filter>Header Files</Filter>
    </QtMoc>
    <QtMoc Include="nntp\NntpServerPool.h">
      <Filter>Header Files</Filter>
    </QtMoc>
    <QtMoc Include="nntp\NntpSocket.h">
      <Filter>Header Files</Filter>
    </QtMoc>
    <QtMoc Include="post\UsenetPostProcessor.h">
      <Filter>Header Files</Filter>
    </QtMoc>
    <QtMoc Include="queue\UsenetQueue.h">
      <Filter>Header Files</Filter>
    </QtMoc>
    <QtMoc Include="queue\UsenetWorker.h">
      <Filter>Header Files</Filter>
    </QtMoc>
  </ItemGroup>
  <ItemGroup>
    <CustomBuild Include="debug\moc_predefs.h.cbt">
      <Filter>Generated Files</Filter>
    </CustomBuild>
    <CustomBuild Include="release\moc_predefs.h.cbt">
      <Filter>Generated Files</Filter>
    </CustomBuild>
  </ItemGroup>
</Project>