Microsoft Visual Studio Solution File, Format Version 12.00
# Visual Studio Version 17
Project("{8BC9CEB8-8B4A-11D0-8D11-00A0C91BC942}") = "emulecore", "core\emulecore.vcxproj", "{AB94E5C4-E1F3-31B4-BA89-325740E6BE5B}"
EndProject
Project("{8BC9CEB8-8B4A-11D0-8D11-00A0C91BC942}") = "emuleipc", "ipc\emuleipc.vcxproj", "{FBDFD081-D65F-39D9-8A1C-72045318CC5B}"
EndProject
Project("{8BC9CEB8-8B4A-11D0-8D11-00A0C91BC942}") = "emulecored", "daemon\emulecored.vcxproj", "{4ECEE8D7-03DE-3DE1-A2C6-C56B3BD68584}"
	ProjectSection(ProjectDependencies) = postProject
		{AB94E5C4-E1F3-31B4-BA89-325740E6BE5B} = {AB94E5C4-E1F3-31B4-BA89-325740E6BE5B}
		{FBDFD081-D65F-39D9-8A1C-72045318CC5B} = {FBDFD081-D65F-39D9-8A1C-72045318CC5B}
	EndProjectSection
EndProject
Project("{8BC9CEB8-8B4A-11D0-8D11-00A0C91BC942}") = "emuleqt", "gui\emuleqt.vcxproj", "{CEA0CD5B-F0C0-3EB9-8BEA-C9CEDA11C838}"
	ProjectSection(ProjectDependencies) = postProject
		{AB94E5C4-E1F3-31B4-BA89-325740E6BE5B} = {AB94E5C4-E1F3-31B4-BA89-325740E6BE5B}
		{FBDFD081-D65F-39D9-8A1C-72045318CC5B} = {FBDFD081-D65F-39D9-8A1C-72045318CC5B}
	EndProjectSection
EndProject
Project("{2150E333-8FDC-42A3-9474-1A3956D46DE8}") = "Tests", "Tests", "{E0A0B5F0-0001-0001-0001-000000000001}"
EndProject
Project("{8BC9CEB8-8B4A-11D0-8D11-00A0C91BC942}") = "tst_AICHHashSet", "..\tests\vs\tst_AICHHashSet.vcxproj", "{8415A7C0-97C7-5BF3-B7A5-6DCEB3BD61D3}"
	ProjectSection(ProjectDependencies) = postProject
		{AB94E5C4-E1F3-31B4-BA89-325740E6BE5B} = {AB94E5C4-E1F3-31B4-BA89-325740E6BE5B}
		{FBDFD081-D65F-39D9-8A1C-72045318CC5B} = {FBDFD081-D65F-39D9-8A1C-72045318CC5B}
	EndProjectSection
EndProject
Project("{8BC9CEB8-8B4A-11D0-8D11-00A0C91BC942}") = "tst_AICHHashTree", "..\tests\vs\tst_AICHHashTree.vcxproj", "{D217052F-1E17-5CE7-9309-E792BBF8A778}"
	ProjectSection(ProjectDependencies) = postProject
		{AB94E5C4-E1F3-31B4-BA89-325740E6BE5B} = {AB94E5C4-E1F3-31B4-BA89-325740E6BE5B}
		{FBDFD081-D65F-39D9-8A1C-72045318CC5B} = {FBDFD081-D65F-39D9-8A1C-72045318CC5B}
	EndProjectSection
EndProject
Project("{8BC9CEB8-8B4A-11D0-8D11-00A0C91BC942}") = "tst_AbstractFile", "..\tests\vs\tst_AbstractFile.vcxproj", "{91267E2B-1315-5CA5-8596-7AFF85D148D1}"
	ProjectSection(ProjectDependencies) = postProject
		{AB94E5C4-E1F3-31B4-BA89-325740E6BE5B} = {AB94E5C4-E1F3-31B4-BA89-325740E6BE5B}
		{FBDFD081-D65F-39D9-8A1C-72045318CC5B} = {FBDFD081-D65F-39D9-8A1C-72045318CC5B}
	EndProjectSection
EndProject
Project("{8BC9CEB8-8B4A-11D0-8D11-00A0C91BC942}") = "tst_ArchiveReader", "..\tests\vs\tst_ArchiveReader.vcxproj", "{F5E45B77-C5FA-5181-B196-83582B1F552C}"
	ProjectSection(ProjectDependencies) = postProject
		{AB94E5C4-E1F3-31B4-BA89-325740E6BE5B} = {AB94E5C4-E1F3-31B4-BA89-325740E6BE5B}
		{FBDFD081-D65F-39D9-8A1C-72045318CC5B} = {FBDFD081-D65F-39D9-8A1C-72045318CC5B}
	EndProjectSection
EndProject
Project("{8BC9CEB8-8B4A-11D0-8D11-00A0C91BC942}") = "tst_ArchiveRecovery", "..\tests\vs\tst_ArchiveRecovery.vcxproj", "{FCDB9E7A-49D7-5041-B665-688E300259E0}"
	ProjectSection(ProjectDependencies) = postProject
		{AB94E5C4-E1F3-31B4-BA89-325740E6BE5B} = {AB94E5C4-E1F3-31B4-BA89-325740E6BE5B}
		{FBDFD081-D65F-39D9-8A1C-72045318CC5B} = {FBDFD081-D65F-39D9-8A1C-72045318CC5B}
	EndProjectSection
EndProject
Project("{8BC9CEB8-8B4A-11D0-8D11-00A0C91BC942}") = "tst_AtomicOps", "..\tests\vs\tst_AtomicOps.vcxproj", "{322D5C06-1E8E-52B5-8AF4-631D8AE89C29}"
	ProjectSection(ProjectDependencies) = postProject
		{AB94E5C4-E1F3-31B4-BA89-325740E6BE5B} = {AB94E5C4-E1F3-31B4-BA89-325740E6BE5B}
		{FBDFD081-D65F-39D9-8A1C-72045318CC5B} = {FBDFD081-D65F-39D9-8A1C-72045318CC5B}
	EndProjectSection
EndProject
Project("{8BC9CEB8-8B4A-11D0-8D11-00A0C91BC942}") = "tst_ClientCredits", "..\tests\vs\tst_ClientCredits.vcxproj", "{0374A79C-781E-5CD2-96E0-61BFDF09E2E0}"
	ProjectSection(ProjectDependencies) = postProject
		{AB94E5C4-E1F3-31B4-BA89-325740E6BE5B} = {AB94E5C4-E1F3-31B4-BA89-325740E6BE5B}
		{FBDFD081-D65F-39D9-8A1C-72045318CC5B} = {FBDFD081-D65F-39D9-8A1C-72045318CC5B}
	EndProjectSection
EndProject
Project("{8BC9CEB8-8B4A-11D0-8D11-00A0C91BC942}") = "tst_ClientList", "..\tests\vs\tst_ClientList.vcxproj", "{33347D11-7DC3-5824-BF4A-CBEF36AB4480}"
	ProjectSection(ProjectDependencies) = postProject
		{AB94E5C4-E1F3-31B4-BA89-325740E6BE5B} = {AB94E5C4-E1F3-31B4-BA89-325740E6BE5B}
		{FBDFD081-D65F-39D9-8A1C-72045318CC5B} = {FBDFD081-D65F-39D9-8A1C-72045318CC5B}
	EndProjectSection
EndProject
Project("{8BC9CEB8-8B4A-11D0-8D11-00A0C91BC942}") = "tst_ClientStateDefs", "..\tests\vs\tst_ClientStateDefs.vcxproj", "{B539B849-0924-5909-B381-E19D2E6DD13F}"
	ProjectSection(ProjectDependencies) = postProject
		{AB94E5C4-E1F3-31B4-BA89-325740E6BE5B} = {AB94E5C4-E1F3-31B4-BA89-325740E6BE5B}
		{FBDFD081-D65F-39D9-8A1C-72045318CC5B} = {FBDFD081-D65F-39D9-8A1C-72045318CC5B}
	EndProjectSection
EndProject
Project("{8BC9CEB8-8B4A-11D0-8D11-00A0C91BC942}") = "tst_ClientUDPSocket", "..\tests\vs\tst_ClientUDPSocket.vcxproj", "{FD79B831-20B0-545F-9C9C-E9E7FEF8D7BA}"
	ProjectSection(ProjectDependencies) = postProject
		{AB94E5C4-E1F3-31B4-BA89-325740E6BE5B} = {AB94E5C4-E1F3-31B4-BA89-325740E6BE5B}
		{FBDFD081-D65F-39D9-8A1C-72045318CC5B} = {FBDFD081-D65F-39D9-8A1C-72045318CC5B}
	EndProjectSection
EndProject
Project("{8BC9CEB8-8B4A-11D0-8D11-00A0C91BC942}") = "tst_CollectionFile", "..\tests\vs\tst_CollectionFile.vcxproj", "{2751032A-F9D4-5D05-8683-D1B782CE4E56}"
	ProjectSection(ProjectDependencies) = postProject
		{AB94E5C4-E1F3-31B4-BA89-325740E6BE5B} = {AB94E5C4-E1F3-31B4-BA89-325740E6BE5B}
		{FBDFD081-D65F-39D9-8A1C-72045318CC5B} = {FBDFD081-D65F-39D9-8A1C-72045318CC5B}
	EndProjectSection
EndProject
Project("{8BC9CEB8-8B4A-11D0-8D11-00A0C91BC942}") = "tst_CorruptionBlackBox", "..\tests\vs\tst_CorruptionBlackBox.vcxproj", "{AFF3F30D-6AB2-5678-BA90-6921AAB61254}"
	ProjectSection(ProjectDependencies) = postProject
		{AB94E5C4-E1F3-31B4-BA89-325740E6BE5B} = {AB94E5C4-E1F3-31B4-BA89-325740E6BE5B}
		{FBDFD081-D65F-39D9-8A1C-72045318CC5B} = {FBDFD081-D65F-39D9-8A1C-72045318CC5B}
	EndProjectSection
EndProject
Project("{8BC9CEB8-8B4A-11D0-8D11-00A0C91BC942}") = "tst_DeadSourceList", "..\tests\vs\tst_DeadSourceList.vcxproj", "{B1CD1DA7-76D4-5D24-B773-5906FFE630DB}"
	ProjectSection(ProjectDependencies) = postProject
		{AB94E5C4-E1F3-31B4-BA89-325740E6BE5B} = {AB94E5C4-E1F3-31B4-BA89-325740E6BE5B}
		{FBDFD081-D65F-39D9-8A1C-72045318CC5B} = {FBDFD081-D65F-39D9-8A1C-72045318CC5B}
	EndProjectSection
EndProject
Project("{8BC9CEB8-8B4A-11D0-8D11-00A0C91BC942}") = "tst_DownloadQueue", "..\tests\vs\tst_DownloadQueue.vcxproj", "{86B4DBFE-BE4A-5390-9C93-F5E599FD3E1C}"
	ProjectSection(ProjectDependencies) = postProject
		{AB94E5C4-E1F3-31B4-BA89-325740E6BE5B} = {AB94E5C4-E1F3-31B4-BA89-325740E6BE5B}
		{FBDFD081-D65F-39D9-8A1C-72045318CC5B} = {FBDFD081-D65F-39D9-8A1C-72045318CC5B}
	EndProjectSection
EndProject
Project("{8BC9CEB8-8B4A-11D0-8D11-00A0C91BC942}") = "tst_ED2KLink", "..\tests\vs\tst_ED2KLink.vcxproj", "{3CA876E1-8E5E-5589-B509-BE180CEA005B}"
	ProjectSection(ProjectDependencies) = postProject
		{AB94E5C4-E1F3-31B4-BA89-325740E6BE5B} = {AB94E5C4-E1F3-31B4-BA89-325740E6BE5B}
		{FBDFD081-D65F-39D9-8A1C-72045318CC5B} = {FBDFD081-D65F-39D9-8A1C-72045318CC5B}
	EndProjectSection
EndProject
Project("{8BC9CEB8-8B4A-11D0-8D11-00A0C91BC942}") = "tst_EMSocket", "..\tests\vs\tst_EMSocket.vcxproj", "{8D5591A8-C4A4-5338-90B6-679D62DFF00A}"
	ProjectSection(ProjectDependencies) = postProject
		{AB94E5C4-E1F3-31B4-BA89-325740E6BE5B} = {AB94E5C4-E1F3-31B4-BA89-325740E6BE5B}
		{FBDFD081-D65F-39D9-8A1C-72045318CC5B} = {FBDFD081-D65F-39D9-8A1C-72045318CC5B}
	EndProjectSection
EndProject
Project("{8BC9CEB8-8B4A-11D0-8D11-00A0C91BC942}") = "tst_EncryptedDatagram", "..\tests\vs\tst_EncryptedDatagram.vcxproj", "{A72AF31E-7E9B-504F-BADD-8CE707EBDDEC}"
	ProjectSection(ProjectDependencies) = postProject
		{AB94E5C4-E1F3-31B4-BA89-325740E6BE5B} = {AB94E5C4-E1F3-31B4-BA89-325740E6BE5B}
		{FBDFD081-D65F-39D9-8A1C-72045318CC5B} = {FBDFD081-D65F-39D9-8A1C-72045318CC5B}
	EndProjectSection
EndProject
Project("{8BC9CEB8-8B4A-11D0-8D11-00A0C91BC942}") = "tst_FileDownloadLive", "..\tests\vs\tst_FileDownloadLive.vcxproj", "{A4712A54-2065-54D1-989E-DDF7E3C2B993}"
	ProjectSection(ProjectDependencies) = postProject
		{AB94E5C4-E1F3-31B4-BA89-325740E6BE5B} = {AB94E5C4-E1F3-31B4-BA89-325740E6BE5B}
		{FBDFD081-D65F-39D9-8A1C-72045318CC5B} = {FBDFD081-D65F-39D9-8A1C-72045318CC5B}
	EndProjectSection
EndProject
Project("{8BC9CEB8-8B4A-11D0-8D11-00A0C91BC942}") = "tst_FileIdentifier", "..\tests\vs\tst_FileIdentifier.vcxproj", "{47380003-2D89-5FB4-A372-DC7E9D5E4C56}"
	ProjectSection(ProjectDependencies) = postProject
		{AB94E5C4-E1F3-31B4-BA89-325740E6BE5B} = {AB94E5C4-E1F3-31B4-BA89-325740E6BE5B}
		{FBDFD081-D65F-39D9-8A1C-72045318CC5B} = {FBDFD081-D65F-39D9-8A1C-72045318CC5B}
	EndProjectSection
EndProject
Project("{8BC9CEB8-8B4A-11D0-8D11-00A0C91BC942}") = "tst_FrameGrabThread", "..\tests\vs\tst_FrameGrabThread.vcxproj", "{943E395E-70AE-5296-9912-345B72CAB1EE}"
	ProjectSection(ProjectDependencies) = postProject
		{AB94E5C4-E1F3-31B4-BA89-325740E6BE5B} = {AB94E5C4-E1F3-31B4-BA89-325740E6BE5B}
		{FBDFD081-D65F-39D9-8A1C-72045318CC5B} = {FBDFD081-D65F-39D9-8A1C-72045318CC5B}
	EndProjectSection
EndProject
Project("{8BC9CEB8-8B4A-11D0-8D11-00A0C91BC942}") = "tst_Friend", "..\tests\vs\tst_Friend.vcxproj", "{AA779A76-DBB2-50DB-ADA2-D5CB37A4087F}"
	ProjectSection(ProjectDependencies) = postProject
		{AB94E5C4-E1F3-31B4-BA89-325740E6BE5B} = {AB94E5C4-E1F3-31B4-BA89-325740E6BE5B}
		{FBDFD081-D65F-39D9-8A1C-72045318CC5B} = {FBDFD081-D65F-39D9-8A1C-72045318CC5B}
	EndProjectSection
EndProject
Project("{8BC9CEB8-8B4A-11D0-8D11-00A0C91BC942}") = "tst_FriendList", "..\tests\vs\tst_FriendList.vcxproj", "{32211C60-6D16-5E5F-BF23-A8DD750775B6}"
	ProjectSection(ProjectDependencies) = postProject
		{AB94E5C4-E1F3-31B4-BA89-325740E6BE5B} = {AB94E5C4-E1F3-31B4-BA89-325740E6BE5B}
		{FBDFD081-D65F-39D9-8A1C-72045318CC5B} = {FBDFD081-D65F-39D9-8A1C-72045318CC5B}
	EndProjectSection
EndProject
Project("{8BC9CEB8-8B4A-11D0-8D11-00A0C91BC942}") = "tst_HttpClientReqSocket", "..\tests\vs\tst_HttpClientReqSocket.vcxproj", "{6CC115F7-B4ED-50BE-BF57-F1F690A3103F}"
	ProjectSection(ProjectDependencies) = postProject
		{AB94E5C4-E1F3-31B4-BA89-325740E6BE5B} = {AB94E5C4-E1F3-31B4-BA89-325740E6BE5B}
		{FBDFD081-D65F-39D9-8A1C-72045318CC5B} = {FBDFD081-D65F-39D9-8A1C-72045318CC5B}
	EndProjectSection
EndProject
Project("{8BC9CEB8-8B4A-11D0-8D11-00A0C91BC942}") = "tst_IPFilter", "..\tests\vs\tst_IPFilter.vcxproj", "{26E533EC-1729-5E3A-97CA-C9FC6D98C18D}"
	ProjectSection(ProjectDependencies) = postProject
		{AB94E5C4-E1F3-31B4-BA89-325740E6BE5B} = {AB94E5C4-E1F3-31B4-BA89-325740E6BE5B}
		{FBDFD081-D65F-39D9-8A1C-72045318CC5B} = {FBDFD081-D65F-39D9-8A1C-72045318CC5B}
	EndProjectSection
EndProject
Project("{8BC9CEB8-8B4A-11D0-8D11-00A0C91BC942}") = "tst_IPFilterMatch", "..\tests\vs\tst_IPFilterMatch.vcxproj", "{97DB6795-5EA5-5A9C-91BA-1B6F088E751E}"
	ProjectSection(ProjectDependencies) = postProject
		{AB94E5C4-E1F3-31B4-BA89-325740E6BE5B} = {AB94E5C4-E1F3-31B4-BA89-325740E6BE5B}
		{FBDFD081-D65F-39D9-8A1C-72045318CC5B} = {FBDFD081-D65F-39D9-8A1C-72045318CC5B}
	EndProjectSection
EndProject
Project("{8BC9CEB8-8B4A-11D0-8D11-00A0C91BC942}") = "tst_ImportParts", "..\tests\vs\tst_ImportParts.vcxproj", "{9914F462-ED84-5976-9516-FE3DAAD280EE}"
	ProjectSection(ProjectDependencies) = postProject
		{AB94E5C4-E1F3-31B4-BA89-325740E6BE5B} = {AB94E5C4-E1F3-31B4-BA89-325740E6BE5B}
		{FBDFD081-D65F-39D9-8A1C-72045318CC5B} = {FBDFD081-D65F-39D9-8A1C-72045318CC5B}
	EndProjectSection
EndProject
Project("{8BC9CEB8-8B4A-11D0-8D11-00A0C91BC942}") = "tst_IpcConnection", "..\tests\vs\tst_IpcConnection.vcxproj", "{87D23BB2-5ACD-5580-B819-CAC0ED5343E6}"
	ProjectSection(ProjectDependencies) = postProject
		{AB94E5C4-E1F3-31B4-BA89-325740E6BE5B} = {AB94E5C4-E1F3-31B4-BA89-325740E6BE5B}
		{FBDFD081-D65F-39D9-8A1C-72045318CC5B} = {FBDFD081-D65F-39D9-8A1C-72045318CC5B}
	EndProjectSection
EndProject
Project("{8BC9CEB8-8B4A-11D0-8D11-00A0C91BC942}") = "tst_IpcMessage", "..\tests\vs\tst_IpcMessage.vcxproj", "{4579A4D4-A589-5920-873E-E934C8E714EF}"
	ProjectSection(ProjectDependencies) = postProject
		{AB94E5C4-E1F3-31B4-BA89-325740E6BE5B} = {AB94E5C4-E1F3-31B4-BA89-325740E6BE5B}
		{FBDFD081-D65F-39D9-8A1C-72045318CC5B} = {FBDFD081-D65F-39D9-8A1C-72045318CC5B}
	EndProjectSection
EndProject
Project("{8BC9CEB8-8B4A-11D0-8D11-00A0C91BC942}") = "tst_IpcProtocol", "..\tests\vs\tst_IpcProtocol.vcxproj", "{44068757-7522-53D7-B777-F878E60C5353}"
	ProjectSection(ProjectDependencies) = postProject
		{AB94E5C4-E1F3-31B4-BA89-325740E6BE5B} = {AB94E5C4-E1F3-31B4-BA89-325740E6BE5B}
		{FBDFD081-D65F-39D9-8A1C-72045318CC5B} = {FBDFD081-D65F-39D9-8A1C-72045318CC5B}
	EndProjectSection
EndProject
Project("{8BC9CEB8-8B4A-11D0-8D11-00A0C91BC942}") = "tst_IrcClient", "..\tests\vs\tst_IrcClient.vcxproj", "{4A89C2A9-420F-5CCB-8DD4-5F3DBFD65578}"
	ProjectSection(ProjectDependencies) = postProject
		{AB94E5C4-E1F3-31B4-BA89-325740E6BE5B} = {AB94E5C4-E1F3-31B4-BA89-325740E6BE5B}
		{FBDFD081-D65F-39D9-8A1C-72045318CC5B} = {FBDFD081-D65F-39D9-8A1C-72045318CC5B}
	EndProjectSection
EndProject
Project("{8BC9CEB8-8B4A-11D0-8D11-00A0C91BC942}") = "tst_IrcLiveConnect", "..\tests\vs\tst_IrcLiveConnect.vcxproj", "{72DB0375-F1C3-552A-9B13-CD58DEBFB50D}"
	ProjectSection(ProjectDependencies) = postProject
		{AB94E5C4-E1F3-31B4-BA89-325740E6BE5B} = {AB94E5C4-E1F3-31B4-BA89-325740E6BE5B}
		{FBDFD081-D65F-39D9-8A1C-72045318CC5B} = {FBDFD081-D65F-39D9-8A1C-72045318CC5B}
	EndProjectSection
EndProject
Project("{8BC9CEB8-8B4A-11D0-8D11-00A0C91BC942}") = "tst_IrcProtocol", "..\tests\vs\tst_IrcProtocol.vcxproj", "{1792CB64-B15F-5DF6-9980-4F0B1BA95F29}"
	ProjectSection(ProjectDependencies) = postProject
		{AB94E5C4-E1F3-31B4-BA89-325740E6BE5B} = {AB94E5C4-E1F3-31B4-BA89-325740E6BE5B}
		{FBDFD081-D65F-39D9-8A1C-72045318CC5B} = {FBDFD081-D65F-39D9-8A1C-72045318CC5B}
	EndProjectSection
EndProject
Project("{8BC9CEB8-8B4A-11D0-8D11-00A0C91BC942}") = "tst_KadContact", "..\tests\vs\tst_KadContact.vcxproj", "{3F26763A-EFFD-5987-ACF9-527DD540A521}"
	ProjectSection(ProjectDependencies) = postProject
		{AB94E5C4-E1F3-31B4-BA89-325740E6BE5B} = {AB94E5C4-E1F3-31B4-BA89-325740E6BE5B}
		{FBDFD081-D65F-39D9-8A1C-72045318CC5B} = {FBDFD081-D65F-39D9-8A1C-72045318CC5B}
	EndProjectSection
EndProject
Project("{8BC9CEB8-8B4A-11D0-8D11-00A0C91BC942}") = "tst_KadEntry", "..\tests\vs\tst_KadEntry.vcxproj", "{4B4C99D8-FA16-5C7A-9301-7E65C655E96D}"
	ProjectSection(ProjectDependencies) = postProject
		{AB94E5C4-E1F3-31B4-BA89-325740E6BE5B} = {AB94E5C4-E1F3-31B4-BA89-325740E6BE5B}
		{FBDFD081-D65F-39D9-8A1C-72045318CC5B} = {FBDFD081-D65F-39D9-8A1C-72045318CC5B}
	EndProjectSection
EndProject
Project("{8BC9CEB8-8B4A-11D0-8D11-00A0C91BC942}") = "tst_KadFirewallTester", "..\tests\vs\tst_KadFirewallTester.vcxproj", "{07217FDA-0697-5CC0-B888-43EF7BACEC81}"
	ProjectSection(ProjectDependencies) = postProject
		{AB94E5C4-E1F3-31B4-BA89-325740E6BE5B} = {AB94E5C4-E1F3-31B4-BA89-325740E6BE5B}
		{FBDFD081-D65F-39D9-8A1C-72045318CC5B} = {FBDFD081-D65F-39D9-8A1C-72045318CC5B}
	EndProjectSection
EndProject
Project("{8BC9CEB8-8B4A-11D0-8D11-00A0C91BC942}") = "tst_KadIO", "..\tests\vs\tst_KadIO.vcxproj", "{6CC20144-BBF7-5BC4-A71E-B26B0311154F}"
	ProjectSection(ProjectDependencies) = postProject
		{AB94E5C4-E1F3-31B4-BA89-325740E6BE5B} = {AB94E5C4-E1F3-31B4-BA89-325740E6BE5B}
		{FBDFD081-D65F-39D9-8A1C-72045318CC5B} = {FBDFD081-D65F-39D9-8A1C-72045318CC5B}
	EndProjectSection
EndProject
Project("{8BC9CEB8-8B4A-11D0-8D11-00A0C91BC942}") = "tst_KadIndexed", "..\tests\vs\tst_KadIndexed.vcxproj", "{90500A53-AB21-5DAB-974A-D2DB5F021198}"
	ProjectSection(ProjectDependencies) = postProject
		{AB94E5C4-E1F3-31B4-BA89-325740E6BE5B} = {AB94E5C4-E1F3-31B4-BA89-325740E6BE5B}
		{FBDFD081-D65F-39D9-8A1C-72045318CC5B} = {FBDFD081-D65F-39D9-8A1C-72045318CC5B}
	EndProjectSection
EndProject
Project("{8BC9CEB8-8B4A-11D0-8D11-00A0C91BC942}") = "tst_KadLiveNetwork", "..\tests\vs\tst_KadLiveNetwork.vcxproj", "{AB5E0E6B-700F-5421-82BB-F65FF6FD5A1D}"
	ProjectSection(ProjectDependencies) = postProject
		{AB94E5C4-E1F3-31B4-BA89-325740E6BE5B} = {AB94E5C4-E1F3-31B4-BA89-325740E6BE5B}
		{FBDFD081-D65F-39D9-8A1C-72045318CC5B} = {FBDFD081-D65F-39D9-8A1C-72045318CC5B}
	EndProjectSection
EndProject
Project("{8BC9CEB8-8B4A-11D0-8D11-00A0C91BC942}") = "tst_KadLookupHistory", "..\tests\vs\tst_KadLookupHistory.vcxproj", "{A797CFB5-1BB4-509E-BEAC-60ECB4499F11}"
	ProjectSection(ProjectDependencies) = postProject
		{AB94E5C4-E1F3-31B4-BA89-325740E6BE5B} = {AB94E5C4-E1F3-31B4-BA89-325740E6BE5B}
		{FBDFD081-D65F-39D9-8A1C-72045318CC5B} = {FBDFD081-D65F-39D9-8A1C-72045318CC5B}
	EndProjectSection
EndProject
Project("{8BC9CEB8-8B4A-11D0-8D11-00A0C91BC942}") = "tst_KadMiscUtils", "..\tests\vs\tst_KadMiscUtils.vcxproj", "{E5BF63EC-D603-57A3-A912-BD2108810C56}"
	ProjectSection(ProjectDependencies) = postProject
		{AB94E5C4-E1F3-31B4-BA89-325740E6BE5B} = {AB94E5C4-E1F3-31B4-BA89-325740E6BE5B}
		{FBDFD081-D65F-39D9-8A1C-72045318CC5B} = {FBDFD081-D65F-39D9-8A1C-72045318CC5B}
	EndProjectSection
EndProject
Project("{8BC9CEB8-8B4A-11D0-8D11-00A0C91BC942}") = "tst_KadNodesData", "..\tests\vs\tst_KadNodesData.vcxproj", "{195F010A-EF6E-50C8-85E6-8559F64AC72C}"
	ProjectSection(ProjectDependencies) = postProject
		{AB94E5C4-E1F3-31B4-BA89-325740E6BE5B} = {AB94E5C4-E1F3-31B4-BA89-325740E6BE5B}
		{FBDFD081-D65F-39D9-8A1C-72045318CC5B} = {FBDFD081-D65F-39D9-8A1C-72045318CC5B}
	EndProjectSection
EndProject
Project("{8BC9CEB8-8B4A-11D0-8D11-00A0C91BC942}") = "tst_KadPacketTracking", "..\tests\vs\tst_KadPacketTracking.vcxproj", "{4B26EF4E-7001-53F2-9EDC-95CE38974355}"
	ProjectSection(ProjectDependencies) = postProject
		{AB94E5C4-E1F3-31B4-BA89-325740E6BE5B} = {AB94E5C4-E1F3-31B4-BA89-325740E6BE5B}
		{FBDFD081-D65F-39D9-8A1C-72045318CC5B} = {FBDFD081-D65F-39D9-8A1C-72045318CC5B}
	EndProjectSection
EndProject
Project("{8BC9CEB8-8B4A-11D0-8D11-00A0C91BC942}") = "tst_KadPrefs", "..\tests\vs\tst_KadPrefs.vcxproj", "{A45AB459-FCF9-544A-9372-E447CFF549C6}"
	ProjectSection(ProjectDependencies) = postProject
		{AB94E5C4-E1F3-31B4-BA89-325740E6BE5B} = {AB94E5C4-E1F3-31B4-BA89-325740E6BE5B}
		{FBDFD081-D65F-39D9-8A1C-72045318CC5B} = {FBDFD081-D65F-39D9-8A1C-72045318CC5B}
	EndProjectSection
EndProject
Project("{8BC9CEB8-8B4A-11D0-8D11-00A0C91BC942}") = "tst_KadRoutingBin", "..\tests\vs\tst_KadRoutingBin.vcxproj", "{238F7CCC-39AD-5A0D-A704-44F9ED8547CD}"
	ProjectSection(ProjectDependencies) = postProject
		{AB94E5C4-E1F3-31B4-BA89-325740E6BE5B} = {AB94E5C4-E1F3-31B4-BA89-325740E6BE5B}
		{FBDFD081-D65F-39D9-8A1C-72045318CC5B} = {FBDFD081-D65F-39D9-8A1C-72045318CC5B}
	EndProjectSection
EndProject
Project("{8BC9CEB8-8B4A-11D0-8D11-00A0C91BC942}") = "tst_KadRoutingZone", "..\tests\vs\tst_KadRoutingZone.vcxproj", "{13E224AC-E010-5AEC-9883-7171E6E63235}"
	ProjectSection(ProjectDependencies) = postProject
		{AB94E5C4-E1F3-31B4-BA89-325740E6BE5B} = {AB94E5C4-E1F3-31B4-BA89-325740E6BE5B}
		{FBDFD081-D65F-39D9-8A1C-72045318CC5B} = {FBDFD081-D65F-39D9-8A1C-72045318CC5B}
	EndProjectSection
EndProject
Project("{8BC9CEB8-8B4A-11D0-8D11-00A0C91BC942}") = "tst_KadSearch", "..\tests\vs\tst_KadSearch.vcxproj", "{04F9F124-5914-58FF-A5F3-68F6A7D866B7}"
	ProjectSection(ProjectDependencies) = postProject
		{AB94E5C4-E1F3-31B4-BA89-325740E6BE5B} = {AB94E5C4-E1F3-31B4-BA89-325740E6BE5B}
		{FBDFD081-D65F-39D9-8A1C-72045318CC5B} = {FBDFD081-D65F-39D9-8A1C-72045318CC5B}
	EndProjectSection
EndProject
Project("{8BC9CEB8-8B4A-11D0-8D11-00A0C91BC942}") = "tst_KadSearchManager", "..\tests\vs\tst_KadSearchManager.vcxproj", "{0C9AC6BB-A4E6-5831-A74B-9E995F0075E9}"
	ProjectSection(ProjectDependencies) = postProject
		{AB94E5C4-E1F3-31B4-BA89-325740E6BE5B} = {AB94E5C4-E1F3-31B4-BA89-325740E6BE5B}
		{FBDFD081-D65F-39D9-8A1C-72045318CC5B} = {FBDFD081-D65F-39D9-8A1C-72045318CC5B}
	EndProjectSection
EndProject
Project("{8BC9CEB8-8B4A-11D0-8D11-00A0C91BC942}") = "tst_KadUDPListener", "..\tests\vs\tst_KadUDPListener.vcxproj", "{8D352823-C973-5004-B147-33FDDD4AFC3F}"
	ProjectSection(ProjectDependencies) = postProject
		{AB94E5C4-E1F3-31B4-BA89-325740E6BE5B} = {AB94E5C4-E1F3-31B4-BA89-325740E6BE5B}
		{FBDFD081-D65F-39D9-8A1C-72045318CC5B} = {FBDFD081-D65F-39D9-8A1C-72045318CC5B}
	EndProjectSection
EndProject
Project("{8BC9CEB8-8B4A-11D0-8D11-00A0C91BC942}") = "tst_KadUInt128", "..\tests\vs\tst_KadUInt128.vcxproj", "{81295919-988B-5D90-BE81-7997CA3E78EE}"
	ProjectSection(ProjectDependencies) = postProject
		{AB94E5C4-E1F3-31B4-BA89-325740E6BE5B} = {AB94E5C4-E1F3-31B4-BA89-325740E6BE5B}
		{FBDFD081-D65F-39D9-8A1C-72045318CC5B} = {FBDFD081-D65F-39D9-8A1C-72045318CC5B}
	EndProjectSection
EndProject
Project("{8BC9CEB8-8B4A-11D0-8D11-00A0C91BC942}") = "tst_Kademlia", "..\tests\vs\tst_Kademlia.vcxproj", "{135338A1-9336-5F76-8F14-A500EF21BAB5}"
	ProjectSection(ProjectDependencies) = postProject
		{AB94E5C4-E1F3-31B4-BA89-325740E6BE5B} = {AB94E5C4-E1F3-31B4-BA89-325740E6BE5B}
		{FBDFD081-D65F-39D9-8A1C-72045318CC5B} = {FBDFD081-D65F-39D9-8A1C-72045318CC5B}
	EndProjectSection
EndProject
Project("{8BC9CEB8-8B4A-11D0-8D11-00A0C91BC942}") = "tst_KnownFile", "..\tests\vs\tst_KnownFile.vcxproj", "{6D7BE4F6-0519-588B-A38E-2521E27A0D80}"
	ProjectSection(ProjectDependencies) = postProject
		{AB94E5C4-E1F3-31B4-BA89-325740E6BE5B} = {AB94E5C4-E1F3-31B4-BA89-325740E6BE5B}
		{FBDFD081-D65F-39D9-8A1C-72045318CC5B} = {FBDFD081-D65F-39D9-8A1C-72045318CC5B}
	EndProjectSection
EndProject
Project("{8BC9CEB8-8B4A-11D0-8D11-00A0C91BC942}") = "tst_KnownFileList", "..\tests\vs\tst_KnownFileList.vcxproj", "{F9996AEA-D987-5DA2-BACD-3FA2F47BB27A}"
	ProjectSection(ProjectDependencies) = postProject
		{AB94E5C4-E1F3-31B4-BA89-325740E6BE5B} = {AB94E5C4-E1F3-31B4-BA89-325740E6BE5B}
		{FBDFD081-D65F-39D9-8A1C-72045318CC5B} = {FBDFD081-D65F-39D9-8A1C-72045318CC5B}
	EndProjectSection
EndProject
Project("{8BC9CEB8-8B4A-11D0-8D11-00A0C91BC942}") = "tst_LastCommonRouteFinder", "..\tests\vs\tst_LastCommonRouteFinder.vcxproj", "{26C3AB91-D958-5E97-AC13-95741ECB6F9D}"
	ProjectSection(ProjectDependencies) = postProject
		{AB94E5C4-E1F3-31B4-BA89-325740E6BE5B} = {AB94E5C4-E1F3-31B4-BA89-325740E6BE5B}
		{FBDFD081-D65F-39D9-8A1C-72045318CC5B} = {FBDFD081-D65F-39D9-8A1C-72045318CC5B}
	EndProjectSection
EndProject
Project("{8BC9CEB8-8B4A-11D0-8D11-00A0C91BC942}") = "tst_ListenSocket", "..\tests\vs\tst_ListenSocket.vcxproj", "{B0004AD1-A099-5C80-BFF4-E9894BFC5129}"
	ProjectSection(ProjectDependencies) = postProject
		{AB94E5C4-E1F3-31B4-BA89-325740E6BE5B} = {AB94E5C4-E1F3-31B4-BA89-325740E6BE5B}
		{FBDFD081-D65F-39D9-8A1C-72045318CC5B} = {FBDFD081-D65F-39D9-8A1C-72045318CC5B}
	EndProjectSection
EndProject
Project("{8BC9CEB8-8B4A-11D0-8D11-00A0C91BC942}") = "tst_Log", "..\tests\vs\tst_Log.vcxproj", "{151FECCB-0E67-5EFB-AA76-8851D03D7A9C}"
	ProjectSection(ProjectDependencies) = postProject
		{AB94E5C4-E1F3-31B4-BA89-325740E6BE5B} = {AB94E5C4-E1F3-31B4-BA89-325740E6BE5B}
		{FBDFD081-D65F-39D9-8A1C-72045318CC5B} = {FBDFD081-D65F-39D9-8A1C-72045318CC5B}
	EndProjectSection
EndProject
Project("{8BC9CEB8-8B4A-11D0-8D11-00A0C91BC942}") = "tst_MD4", "..\tests\vs\tst_MD4.vcxproj", "{0264906A-5309-5974-949E-BE5693909F18}"
	ProjectSection(ProjectDependencies) = postProject
		{AB94E5C4-E1F3-31B4-BA89-325740E6BE5B} = {AB94E5C4-E1F3-31B4-BA89-325740E6BE5B}
		{FBDFD081-D65F-39D9-8A1C-72045318CC5B} = {FBDFD081-D65F-39D9-8A1C-72045318CC5B}
	EndProjectSection
EndProject
Project("{8BC9CEB8-8B4A-11D0-8D11-00A0C91BC942}") = "tst_MD5", "..\tests\vs\tst_MD5.vcxproj", "{1886289E-17CA-583D-87F5-21790E6FEE99}"
	ProjectSection(ProjectDependencies) = postProject
		{AB94E5C4-E1F3-31B4-BA89-325740E6BE5B} = {AB94E5C4-E1F3-31B4-BA89-325740E6BE5B}
		{FBDFD081-D65F-39D9-8A1C-72045318CC5B} = {FBDFD081-D65F-39D9-8A1C-72045318CC5B}
	EndProjectSection
EndProject
Project("{8BC9CEB8-8B4A-11D0-8D11-00A0C91BC942}") = "tst_MediaInfo", "..\tests\vs\tst_MediaInfo.vcxproj", "{C3AD7B0C-FFD9-5673-8645-D128F5623AEF}"
	ProjectSection(ProjectDependencies) = postProject
		{AB94E5C4-E1F3-31B4-BA89-325740E6BE5B} = {AB94E5C4-E1F3-31B4-BA89-325740E6BE5B}
		{FBDFD081-D65F-39D9-8A1C-72045318CC5B} = {FBDFD081-D65F-39D9-8A1C-72045318CC5B}
	EndProjectSection
EndProject
Project("{8BC9CEB8-8B4A-11D0-8D11-00A0C91BC942}") = "tst_MockPeerDownload", "..\tests\vs\tst_MockPeerDownload.vcxproj", "{B5B8C61D-51BE-5A2C-B8DD-2695A87D2A53}"
	ProjectSection(ProjectDependencies) = postProject
		{AB94E5C4-E1F3-31B4-BA89-325740E6BE5B} = {AB94E5C4-E1F3-31B4-BA89-325740E6BE5B}
		{FBDFD081-D65F-39D9-8A1C-72045318CC5B} = {FBDFD081-D65F-39D9-8A1C-72045318CC5B}
	EndProjectSection
EndProject
Project("{8BC9CEB8-8B4A-11D0-8D11-00A0C91BC942}") = "tst_MockPeerUpload", "..\tests\vs\tst_MockPeerUpload.vcxproj", "{EE02D29B-C1A6-5B41-A44C-FC499DDE94CA}"
	ProjectSection(ProjectDependencies) = postProject
		{AB94E5C4-E1F3-31B4-BA89-325740E6BE5B} = {AB94E5C4-E1F3-31B4-BA89-325740E6BE5B}
		{FBDFD081-D65F-39D9-8A1C-72045318CC5B} = {FBDFD081-D65F-39D9-8A1C-72045318CC5B}
	EndProjectSection
EndProject
Project("{8BC9CEB8-8B4A-11D0-8D11-00A0C91BC942}") = "tst_OtherFunctions", "..\tests\vs\tst_OtherFunctions.vcxproj", "{854E9341-23B0-5604-914E-445A5964DE78}"
	ProjectSection(ProjectDependencies) = postProject
		{AB94E5C4-E1F3-31B4-BA89-325740E6BE5B} = {AB94E5C4-E1F3-31B4-BA89-325740E6BE5B}
		{FBDFD081-D65F-39D9-8A1C-72045318CC5B} = {FBDFD081-D65F-39D9-8A1C-72045318CC5B}
	EndProjectSection
EndProject
Project("{8BC9CEB8-8B4A-11D0-8D11-00A0C91BC942}") = "tst_Packet", "..\tests\vs\tst_Packet.vcxproj", "{31E3CFE0-E7AD-5AB3-BFF9-F1802A8EA763}"
	ProjectSection(ProjectDependencies) = postProject
		{AB94E5C4-E1F3-31B4-BA89-325740E6BE5B} = {AB94E5C4-E1F3-31B4-BA89-325740E6BE5B}
		{FBDFD081-D65F-39D9-8A1C-72045318CC5B} = {FBDFD081-D65F-39D9-8A1C-72045318CC5B}
	EndProjectSection
EndProject
Project("{8BC9CEB8-8B4A-11D0-8D11-00A0C91BC942}") = "tst_PartFile", "..\tests\vs\tst_PartFile.vcxproj", "{C3096B58-50CA-540B-B9AA-63D2CC50EDE5}"
	ProjectSection(ProjectDependencies) = postProject
		{AB94E5C4-E1F3-31B4-BA89-325740E6BE5B} = {AB94E5C4-E1F3-31B4-BA89-325740E6BE5B}
		{FBDFD081-D65F-39D9-8A1C-72045318CC5B} = {FBDFD081-D65F-39D9-8A1C-72045318CC5B}
	EndProjectSection
EndProject
Project("{8BC9CEB8-8B4A-11D0-8D11-00A0C91BC942}") = "tst_PartFileConvert", "..\tests\vs\tst_PartFileConvert.vcxproj", "{7E6C2710-8337-5506-B97B-54E1DE2E4D28}"
	ProjectSection(ProjectDependencies) = postProject
		{AB94E5C4-E1F3-31B4-BA89-325740E6BE5B} = {AB94E5C4-E1F3-31B4-BA89-325740E6BE5B}
		{FBDFD081-D65F-39D9-8A1C-72045318CC5B} = {FBDFD081-D65F-39D9-8A1C-72045318CC5B}
	EndProjectSection
EndProject
Project("{8BC9CEB8-8B4A-11D0-8D11-00A0C91BC942}") = "tst_PartFileData", "..\tests\vs\tst_PartFileData.vcxproj", "{E737F46E-D175-5505-BF3C-5F2E62EA971B}"
	ProjectSection(ProjectDependencies) = postProject
		{AB94E5C4-E1F3-31B4-BA89-325740E6BE5B} = {AB94E5C4-E1F3-31B4-BA89-325740E6BE5B}
		{FBDFD081-D65F-39D9-8A1C-72045318CC5B} = {FBDFD081-D65F-39D9-8A1C-72045318CC5B}
	EndProjectSection
EndProject
Project("{8BC9CEB8-8B4A-11D0-8D11-00A0C91BC942}") = "tst_PartFileWriteThread", "..\tests\vs\tst_PartFileWriteThread.vcxproj", "{AE5428B5-51D2-539D-8981-277955E7E0DD}"
	ProjectSection(ProjectDependencies) = postProject
		{AB94E5C4-E1F3-31B4-BA89-325740E6BE5B} = {AB94E5C4-E1F3-31B4-BA89-325740E6BE5B}
		{FBDFD081-D65F-39D9-8A1C-72045318CC5B} = {FBDFD081-D65F-39D9-8A1C-72045318CC5B}
	EndProjectSection
EndProject
Project("{8BC9CEB8-8B4A-11D0-8D11-00A0C91BC942}") = "tst_PathUtils", "..\tests\vs\tst_PathUtils.vcxproj", "{C7749CCD-72D2-5353-98F2-A2B7B301EB69}"
	ProjectSection(ProjectDependencies) = postProject
		{AB94E5C4-E1F3-31B4-BA89-325740E6BE5B} = {AB94E5C4-E1F3-31B4-BA89-325740E6BE5B}
		{FBDFD081-D65F-39D9-8A1C-72045318CC5B} = {FBDFD081-D65F-39D9-8A1C-72045318CC5B}
	EndProjectSection
EndProject
Project("{8BC9CEB8-8B4A-11D0-8D11-00A0C91BC942}") = "tst_Pinger", "..\tests\vs\tst_Pinger.vcxproj", "{9C773FA7-F4F6-591B-B1A7-5C4B7C1366CC}"
	ProjectSection(ProjectDependencies) = postProject
		{AB94E5C4-E1F3-31B4-BA89-325740E6BE5B} = {AB94E5C4-E1F3-31B4-BA89-325740E6BE5B}
		{FBDFD081-D65F-39D9-8A1C-72045318CC5B} = {FBDFD081-D65F-39D9-8A1C-72045318CC5B}
	EndProjectSection
EndProject
Project("{8BC9CEB8-8B4A-11D0-8D11-00A0C91BC942}") = "tst_Preferences", "..\tests\vs\tst_Preferences.vcxproj", "{9E7AC431-A7FA-5081-BF2C-FE05DB23ECCE}"
	ProjectSection(ProjectDependencies) = postProject
		{AB94E5C4-E1F3-31B4-BA89-325740E6BE5B} = {AB94E5C4-E1F3-31B4-BA89-325740E6BE5B}
		{FBDFD081-D65F-39D9-8A1C-72045318CC5B} = {FBDFD081-D65F-39D9-8A1C-72045318CC5B}
	EndProjectSection
EndProject
Project("{8BC9CEB8-8B4A-11D0-8D11-00A0C91BC942}") = "tst_PreviewApps", "..\tests\vs\tst_PreviewApps.vcxproj", "{CEDFF882-D7A6-573A-859A-700E2FDE58DB}"
	ProjectSection(ProjectDependencies) = postProject
		{AB94E5C4-E1F3-31B4-BA89-325740E6BE5B} = {AB94E5C4-E1F3-31B4-BA89-325740E6BE5B}
		{FBDFD081-D65F-39D9-8A1C-72045318CC5B} = {FBDFD081-D65F-39D9-8A1C-72045318CC5B}
	EndProjectSection
EndProject
Project("{8BC9CEB8-8B4A-11D0-8D11-00A0C91BC942}") = "tst_PreviewThread", "..\tests\vs\tst_PreviewThread.vcxproj", "{20EAA313-E8C4-55F0-B1B6-16A262C211AC}"
	ProjectSection(ProjectDependencies) = postProject
		{AB94E5C4-E1F3-31B4-BA89-325740E6BE5B} = {AB94E5C4-E1F3-31B4-BA89-325740E6BE5B}
		{FBDFD081-D65F-39D9-8A1C-72045318CC5B} = {FBDFD081-D65F-39D9-8A1C-72045318CC5B}
	EndProjectSection
EndProject
Project("{8BC9CEB8-8B4A-11D0-8D11-00A0C91BC942}") = "tst_SHA", "..\tests\vs\tst_SHA.vcxproj", "{33175A89-D12C-5781-B267-8AF11D240827}"
	ProjectSection(ProjectDependencies) = postProject
		{AB94E5C4-E1F3-31B4-BA89-325740E6BE5B} = {AB94E5C4-E1F3-31B4-BA89-325740E6BE5B}
		{FBDFD081-D65F-39D9-8A1C-72045318CC5B} = {FBDFD081-D65F-39D9-8A1C-72045318CC5B}
	EndProjectSection
EndProject
Project("{8BC9CEB8-8B4A-11D0-8D11-00A0C91BC942}") = "tst_SafeFile", "..\tests\vs\tst_SafeFile.vcxproj", "{60A1D393-ABEF-5084-B912-5E9680A1AB3D}"
	ProjectSection(ProjectDependencies) = postProject
		{AB94E5C4-E1F3-31B4-BA89-325740E6BE5B} = {AB94E5C4-E1F3-31B4-BA89-325740E6BE5B}
		{FBDFD081-D65F-39D9-8A1C-72045318CC5B} = {FBDFD081-D65F-39D9-8A1C-72045318CC5B}
	EndProjectSection
EndProject
Project("{8BC9CEB8-8B4A-11D0-8D11-00A0C91BC942}") = "tst_Scheduler", "..\tests\vs\tst_Scheduler.vcxproj", "{948BC3BB-0A27-5F21-9659-2D0D78A675B4}"
	ProjectSection(ProjectDependencies) = postProject
		{AB94E5C4-E1F3-31B4-BA89-325740E6BE5B} = {AB94E5C4-E1F3-31B4-BA89-325740E6BE5B}
		{FBDFD081-D65F-39D9-8A1C-72045318CC5B} = {FBDFD081-D65F-39D9-8A1C-72045318CC5B}
	EndProjectSection
EndProject
Project("{8BC9CEB8-8B4A-11D0-8D11-00A0C91BC942}") = "tst_SearchExpr", "..\tests\vs\tst_SearchExpr.vcxproj", "{9B6E0F2A-AEB5-52F2-BEAB-BAB5603DC106}"
	ProjectSection(ProjectDependencies) = postProject
		{AB94E5C4-E1F3-31B4-BA89-325740E6BE5B} = {AB94E5C4-E1F3-31B4-BA89-325740E6BE5B}
		{FBDFD081-D65F-39D9-8A1C-72045318CC5B} = {FBDFD081-D65F-39D9-8A1C-72045318CC5B}
	EndProjectSection
EndProject
Project("{8BC9CEB8-8B4A-11D0-8D11-00A0C91BC942}") = "tst_SearchExprParser", "..\tests\vs\tst_SearchExprParser.vcxproj", "{45EF262D-74A3-58F6-9DBD-56CB565D3486}"
	ProjectSection(ProjectDependencies) = postProject
		{AB94E5C4-E1F3-31B4-BA89-325740E6BE5B} = {AB94E5C4-E1F3-31B4-BA89-325740E6BE5B}
		{FBDFD081-D65F-39D9-8A1C-72045318CC5B} = {FBDFD081-D65F-39D9-8A1C-72045318CC5B}
	EndProjectSection
EndProject
Project("{8BC9CEB8-8B4A-11D0-8D11-00A0C91BC942}") = "tst_SearchFile", "..\tests\vs\tst_SearchFile.vcxproj", "{2050BD76-F7E3-50D9-85DA-983C7E6EE0A1}"
	ProjectSection(ProjectDependencies) = postProject
		{AB94E5C4-E1F3-31B4-BA89-325740E6BE5B} = {AB94E5C4-E1F3-31B4-BA89-325740E6BE5B}
		{FBDFD081-D65F-39D9-8A1C-72045318CC5B} = {FBDFD081-D65F-39D9-8A1C-72045318CC5B}
	EndProjectSection
EndProject
Project("{8BC9CEB8-8B4A-11D0-8D11-00A0C91BC942}") = "tst_SearchList", "..\tests\vs\tst_SearchList.vcxproj", "{FD59FF89-6442-5B87-8A54-8D7CF1155E54}"
	ProjectSection(ProjectDependencies) = postProject
		{AB94E5C4-E1F3-31B4-BA89-325740E6BE5B} = {AB94E5C4-E1F3-31B4-BA89-325740E6BE5B}
		{FBDFD081-D65F-39D9-8A1C-72045318CC5B} = {FBDFD081-D65F-39D9-8A1C-72045318CC5B}
	EndProjectSection
EndProject
Project("{8BC9CEB8-8B4A-11D0-8D11-00A0C91BC942}") = "tst_SearchParams", "..\tests\vs\tst_SearchParams.vcxproj", "{1D795848-C024-5895-ABA5-434CC38CFB91}"
	ProjectSection(ProjectDependencies) = postProject
		{AB94E5C4-E1F3-31B4-BA89-325740E6BE5B} = {AB94E5C4-E1F3-31B4-BA89-325740E6BE5B}
		{FBDFD081-D65F-39D9-8A1C-72045318CC5B} = {FBDFD081-D65F-39D9-8A1C-72045318CC5B}
	EndProjectSection
EndProject
Project("{8BC9CEB8-8B4A-11D0-8D11-00A0C91BC942}") = "tst_Server", "..\tests\vs\tst_Server.vcxproj", "{8AAF2632-5876-5B8E-8F50-BF89A6B06D98}"
	ProjectSection(ProjectDependencies) = postProject
		{AB94E5C4-E1F3-31B4-BA89-325740E6BE5B} = {AB94E5C4-E1F3-31B4-BA89-325740E6BE5B}
		{FBDFD081-D65F-39D9-8A1C-72045318CC5B} = {FBDFD081-D65F-39D9-8A1C-72045318CC5B}
	EndProjectSection
EndProject
Project("{8BC9CEB8-8B4A-11D0-8D11-00A0C91BC942}") = "tst_ServerConnect", "..\tests\vs\tst_ServerConnect.vcxproj", "{D4D5D370-1532-5105-BD96-9FC00AFDF448}"
	ProjectSection(ProjectDependencies) = postProject
		{AB94E5C4-E1F3-31B4-BA89-325740E6BE5B} = {AB94E5C4-E1F3-31B4-BA89-325740E6BE5B}
		{FBDFD081-D65F-39D9-8A1C-72045318CC5B} = {FBDFD081-D65F-39D9-8A1C-72045318CC5B}
	EndProjectSection
EndProject
Project("{8BC9CEB8-8B4A-11D0-8D11-00A0C91BC942}") = "tst_ServerDownloadLive", "..\tests\vs\tst_ServerDownloadLive.vcxproj", "{ED34D903-08DC-559C-9399-35866DF3C578}"
	ProjectSection(ProjectDependencies) = postProject
		{AB94E5C4-E1F3-31B4-BA89-325740E6BE5B} = {AB94E5C4-E1F3-31B4-BA89-325740E6BE5B}
		{FBDFD081-D65F-39D9-8A1C-72045318CC5B} = {FBDFD081-D65F-39D9-8A1C-72045318CC5B}
	EndProjectSection
EndProject
Project("{8BC9CEB8-8B4A-11D0-8D11-00A0C91BC942}") = "tst_ServerGlobalSearchLive", "..\tests\vs\tst_ServerGlobalSearchLive.vcxproj", "{F328008A-E6B4-5CBD-B865-68DB08AE6043}"
	ProjectSection(ProjectDependencies) = postProject
		{AB94E5C4-E1F3-31B4-BA89-325740E6BE5B} = {AB94E5C4-E1F3-31B4-BA89-325740E6BE5B}
		{FBDFD081-D65F-39D9-8A1C-72045318CC5B} = {FBDFD081-D65F-39D9-8A1C-72045318CC5B}
	EndProjectSection
EndProject
Project("{8BC9CEB8-8B4A-11D0-8D11-00A0C91BC942}") = "tst_ServerList", "..\tests\vs\tst_ServerList.vcxproj", "{54733F25-B749-5C40-9C88-AAA1141C2F23}"
	ProjectSection(ProjectDependencies) = postProject
		{AB94E5C4-E1F3-31B4-BA89-325740E6BE5B} = {AB94E5C4-E1F3-31B4-BA89-325740E6BE5B}
		{FBDFD081-D65F-39D9-8A1C-72045318CC5B} = {FBDFD081-D65F-39D9-8A1C-72045318CC5B}
	EndProjectSection
EndProject
Project("{8BC9CEB8-8B4A-11D0-8D11-00A0C91BC942}") = "tst_ServerMetData", "..\tests\vs\tst_ServerMetData.vcxproj", "{43663F7D-5A75-5667-877E-1CB69D2646CE}"
	ProjectSection(ProjectDependencies) = postProject
		{AB94E5C4-E1F3-31B4-BA89-325740E6BE5B} = {AB94E5C4-E1F3-31B4-BA89-325740E6BE5B}
		{FBDFD081-D65F-39D9-8A1C-72045318CC5B} = {FBDFD081-D65F-39D9-8A1C-72045318CC5B}
	EndProjectSection
EndProject
Project("{8BC9CEB8-8B4A-11D0-8D11-00A0C91BC942}") = "tst_ServerSocket", "..\tests\vs\tst_ServerSocket.vcxproj", "{603A9EC5-22F5-5C3E-9410-70666032F22C}"
	ProjectSection(ProjectDependencies) = postProject
		{AB94E5C4-E1F3-31B4-BA89-325740E6BE5B} = {AB94E5C4-E1F3-31B4-BA89-325740E6BE5B}
		{FBDFD081-D65F-39D9-8A1C-72045318CC5B} = {FBDFD081-D65F-39D9-8A1C-72045318CC5B}
	EndProjectSection
EndProject
Project("{8BC9CEB8-8B4A-11D0-8D11-00A0C91BC942}") = "tst_ShareableFile", "..\tests\vs\tst_ShareableFile.vcxproj", "{43FA940A-3271-5974-926A-7D4E6D2594E1}"
	ProjectSection(ProjectDependencies) = postProject
		{AB94E5C4-E1F3-31B4-BA89-325740E6BE5B} = {AB94E5C4-E1F3-31B4-BA89-325740E6BE5B}
		{FBDFD081-D65F-39D9-8A1C-72045318CC5B} = {FBDFD081-D65F-39D9-8A1C-72045318CC5B}
	EndProjectSection
EndProject
Project("{8BC9CEB8-8B4A-11D0-8D11-00A0C91BC942}") = "tst_SharedFileData", "..\tests\vs\tst_SharedFileData.vcxproj", "{D19FB08E-D93C-5471-AD23-8A97A42D9B8B}"
	ProjectSection(ProjectDependencies) = postProject
		{AB94E5C4-E1F3-31B4-BA89-325740E6BE5B} = {AB94E5C4-E1F3-31B4-BA89-325740E6BE5B}
		{FBDFD081-D65F-39D9-8A1C-72045318CC5B} = {FBDFD081-D65F-39D9-8A1C-72045318CC5B}
	EndProjectSection
EndProject
Project("{8BC9CEB8-8B4A-11D0-8D11-00A0C91BC942}") = "tst_SharedFileLargeSet", "..\tests\vs\tst_SharedFileLargeSet.vcxproj", "{08948B01-4BA1-5C65-9EC1-E7BD9245E871}"
	ProjectSection(ProjectDependencies) = postProject
		{AB94E5C4-E1F3-31B4-BA89-325740E6BE5B} = {AB94E5C4-E1F3-31B4-BA89-325740E6BE5B}
		{FBDFD081-D65F-39D9-8A1C-72045318CC5B} = {FBDFD081-D65F-39D9-8A1C-72045318CC5B}
	EndProjectSection
EndProject
Project("{8BC9CEB8-8B4A-11D0-8D11-00A0C91BC942}") = "tst_SharedFileList", "..\tests\vs\tst_SharedFileList.vcxproj", "{F6DFC51A-63E9-5C5C-BA36-C5A540788D63}"
	ProjectSection(ProjectDependencies) = postProject
		{AB94E5C4-E1F3-31B4-BA89-325740E6BE5B} = {AB94E5C4-E1F3-31B4-BA89-325740E6BE5B}
		{FBDFD081-D65F-39D9-8A1C-72045318CC5B} = {FBDFD081-D65F-39D9-8A1C-72045318CC5B}
	EndProjectSection
EndProject
Project("{8BC9CEB8-8B4A-11D0-8D11-00A0C91BC942}") = "tst_Smoke", "..\tests\vs\tst_Smoke.vcxproj", "{A505CA09-8EF2-5D5C-ADDB-7F461DA6E6AF}"
	ProjectSection(ProjectDependencies) = postProject
		{AB94E5C4-E1F3-31B4-BA89-325740E6BE5B} = {AB94E5C4-E1F3-31B4-BA89-325740E6BE5B}
		{FBDFD081-D65F-39D9-8A1C-72045318CC5B} = {FBDFD081-D65F-39D9-8A1C-72045318CC5B}
	EndProjectSection
EndProject
Project("{8BC9CEB8-8B4A-11D0-8D11-00A0C91BC942}") = "tst_SmtpSendEmail", "..\tests\vs\tst_SmtpSendEmail.vcxproj", "{14F9A2DE-1982-506A-B412-84BA2253B579}"
	ProjectSection(ProjectDependencies) = postProject
		{AB94E5C4-E1F3-31B4-BA89-325740E6BE5B} = {AB94E5C4-E1F3-31B4-BA89-325740E6BE5B}
		{FBDFD081-D65F-39D9-8A1C-72045318CC5B} = {FBDFD081-D65F-39D9-8A1C-72045318CC5B}
	EndProjectSection
EndProject
Project("{8BC9CEB8-8B4A-11D0-8D11-00A0C91BC942}") = "tst_StatisticFile", "..\tests\vs\tst_StatisticFile.vcxproj", "{5CAEDADE-D59D-5B8F-ADBF-16357E070427}"
	ProjectSection(ProjectDependencies) = postProject
		{AB94E5C4-E1F3-31B4-BA89-325740E6BE5B} = {AB94E5C4-E1F3-31B4-BA89-325740E6BE5B}
		{FBDFD081-D65F-39D9-8A1C-72045318CC5B} = {FBDFD081-D65F-39D9-8A1C-72045318CC5B}
	EndProjectSection
EndProject
Project("{8BC9CEB8-8B4A-11D0-8D11-00A0C91BC942}") = "tst_Statistics", "..\tests\vs\tst_Statistics.vcxproj", "{720013BF-E043-579D-A0E8-A5899EF3D794}"
	ProjectSection(ProjectDependencies) = postProject
		{AB94E5C4-E1F3-31B4-BA89-325740E6BE5B} = {AB94E5C4-E1F3-31B4-BA89-325740E6BE5B}
		{FBDFD081-D65F-39D9-8A1C-72045318CC5B} = {FBDFD081-D65F-39D9-8A1C-72045318CC5B}
	EndProjectSection
EndProject
Project("{8BC9CEB8-8B4A-11D0-8D11-00A0C91BC942}") = "tst_StatisticsReset", "..\tests\vs\tst_StatisticsReset.vcxproj", "{4E83BEA1-A9A2-5DBE-A426-B58DB7AB5CE7}"
	ProjectSection(ProjectDependencies) = postProject
		{AB94E5C4-E1F3-31B4-BA89-325740E6BE5B} = {AB94E5C4-E1F3-31B4-BA89-325740E6BE5B}
		{FBDFD081-D65F-39D9-8A1C-72045318CC5B} = {FBDFD081-D65F-39D9-8A1C-72045318CC5B}
	EndProjectSection
EndProject
Project("{8BC9CEB8-8B4A-11D0-8D11-00A0C91BC942}") = "tst_StringConversion", "..\tests\vs\tst_StringConversion.vcxproj", "{7403FCC2-D587-5DCF-9CCA-1B3CE2530D5E}"
	ProjectSection(ProjectDependencies) = postProject
		{AB94E5C4-E1F3-31B4-BA89-325740E6BE5B} = {AB94E5C4-E1F3-31B4-BA89-325740E6BE5B}
		{FBDFD081-D65F-39D9-8A1C-72045318CC5B} = {FBDFD081-D65F-39D9-8A1C-72045318CC5B}
	EndProjectSection
EndProject
Project("{8BC9CEB8-8B4A-11D0-8D11-00A0C91BC942}") = "tst_Tags", "..\tests\vs\tst_Tags.vcxproj", "{2977F958-2CB5-5EAA-818E-467AD2ABEBDE}"
	ProjectSection(ProjectDependencies) = postProject
		{AB94E5C4-E1F3-31B4-BA89-325740E6BE5B} = {AB94E5C4-E1F3-31B4-BA89-325740E6BE5B}
		{FBDFD081-D65F-39D9-8A1C-72045318CC5B} = {FBDFD081-D65F-39D9-8A1C-72045318CC5B}
	EndProjectSection
EndProject
Project("{8BC9CEB8-8B4A-11D0-8D11-00A0C91BC942}") = "tst_TcpConnect", "..\tests\vs\tst_TcpConnect.vcxproj", "{B67C5BCB-9E69-54AF-88B2-133C9ACD8574}"
	ProjectSection(ProjectDependencies) = postProject
		{AB94E5C4-E1F3-31B4-BA89-325740E6BE5B} = {AB94E5C4-E1F3-31B4-BA89-325740E6BE5B}
		{FBDFD081-D65F-39D9-8A1C-72045318CC5B} = {FBDFD081-D65F-39D9-8A1C-72045318CC5B}
	EndProjectSection
EndProject
Project("{8BC9CEB8-8B4A-11D0-8D11-00A0C91BC942}") = "tst_TimeUtils", "..\tests\vs\tst_TimeUtils.vcxproj", "{1351BDA7-4AFB-562F-8C0F-D5E834C2F721}"
	ProjectSection(ProjectDependencies) = postProject
		{AB94E5C4-E1F3-31B4-BA89-325740E6BE5B} = {AB94E5C4-E1F3-31B4-BA89-325740E6BE5B}
		{FBDFD081-D65F-39D9-8A1C-72045318CC5B} = {FBDFD081-D65F-39D9-8A1C-72045318CC5B}
	EndProjectSection
EndProject
Project("{8BC9CEB8-8B4A-11D0-8D11-00A0C91BC942}") = "tst_TypeDefs", "..\tests\vs\tst_TypeDefs.vcxproj", "{2C9AA034-9F6A-5161-8EAF-78DB74B776C1}"
	ProjectSection(ProjectDependencies) = postProject
		{AB94E5C4-E1F3-31B4-BA89-325740E6BE5B} = {AB94E5C4-E1F3-31B4-BA89-325740E6BE5B}
		{FBDFD081-D65F-39D9-8A1C-72045318CC5B} = {FBDFD081-D65F-39D9-8A1C-72045318CC5B}
	EndProjectSection
EndProject
Project("{8BC9CEB8-8B4A-11D0-8D11-00A0C91BC942}") = "tst_UDPSocket", "..\tests\vs\tst_UDPSocket.vcxproj", "{BCA2D8B0-973F-5D93-B247-79163CB5E3CD}"
	ProjectSection(ProjectDependencies) = postProject
		{AB94E5C4-E1F3-31B4-BA89-325740E6BE5B} = {AB94E5C4-E1F3-31B4-BA89-325740E6BE5B}
		{FBDFD081-D65F-39D9-8A1C-72045318CC5B} = {FBDFD081-D65F-39D9-8A1C-72045318CC5B}
	EndProjectSection
EndProject
Project("{8BC9CEB8-8B4A-11D0-8D11-00A0C91BC942}") = "tst_UPnPManager", "..\tests\vs\tst_UPnPManager.vcxproj", "{EF8201EA-B3A3-5529-AE95-A0C0C33D85B6}"
	ProjectSection(ProjectDependencies) = postProject
		{AB94E5C4-E1F3-31B4-BA89-325740E6BE5B} = {AB94E5C4-E1F3-31B4-BA89-325740E6BE5B}
		{FBDFD081-D65F-39D9-8A1C-72045318CC5B} = {FBDFD081-D65F-39D9-8A1C-72045318CC5B}
	EndProjectSection
EndProject
Project("{8BC9CEB8-8B4A-11D0-8D11-00A0C91BC942}") = "tst_URLClient", "..\tests\vs\tst_URLClient.vcxproj", "{1448958A-BEDD-5A82-94A3-25B2533D52D1}"
	ProjectSection(ProjectDependencies) = postProject
		{AB94E5C4-E1F3-31B4-BA89-325740E6BE5B} = {AB94E5C4-E1F3-31B4-BA89-325740E6BE5B}
		{FBDFD081-D65F-39D9-8A1C-72045318CC5B} = {FBDFD081-D65F-39D9-8A1C-72045318CC5B}
	EndProjectSection
EndProject
Project("{8BC9CEB8-8B4A-11D0-8D11-00A0C91BC942}") = "tst_UpDownClient", "..\tests\vs\tst_UpDownClient.vcxproj", "{4BA6665B-88AE-57A7-8FDB-CE0CACD7ACCB}"
	ProjectSection(ProjectDependencies) = postProject
		{AB94E5C4-E1F3-31B4-BA89-325740E6BE5B} = {AB94E5C4-E1F3-31B4-BA89-325740E6BE5B}
		{FBDFD081-D65F-39D9-8A1C-72045318CC5B} = {FBDFD081-D65F-39D9-8A1C-72045318CC5B}
	EndProjectSection
EndProject
Project("{8BC9CEB8-8B4A-11D0-8D11-00A0C91BC942}") = "tst_UploadBandwidthThrottler", "..\tests\vs\tst_UploadBandwidthThrottler.vcxproj", "{678E8D0F-4C0C-5128-8A8E-381DFB62D387}"
	ProjectSection(ProjectDependencies) = postProject
		{AB94E5C4-E1F3-31B4-BA89-325740E6BE5B} = {AB94E5C4-E1F3-31B4-BA89-325740E6BE5B}
		{FBDFD081-D65F-39D9-8A1C-72045318CC5B} = {FBDFD081-D65F-39D9-8A1C-72045318CC5B}
	EndProjectSection
EndProject
Project("{8BC9CEB8-8B4A-11D0-8D11-00A0C91BC942}") = "tst_UploadDiskIOThread", "..\tests\vs\tst_UploadDiskIOThread.vcxproj", "{0C4046D6-F14D-5839-B939-48F60EC2A4A8}"
	ProjectSection(ProjectDependencies) = postProject
		{AB94E5C4-E1F3-31B4-BA89-325740E6BE5B} = {AB94E5C4-E1F3-31B4-BA89-325740E6BE5B}
		{FBDFD081-D65F-39D9-8A1C-72045318CC5B} = {FBDFD081-D65F-39D9-8A1C-72045318CC5B}
	EndProjectSection
EndProject
Project("{8BC9CEB8-8B4A-11D0-8D11-00A0C91BC942}") = "tst_UploadQueue", "..\tests\vs\tst_UploadQueue.vcxproj", "{2C49A178-D138-5226-B641-FA291E83529D}"
	ProjectSection(ProjectDependencies) = postProject
		{AB94E5C4-E1F3-31B4-BA89-325740E6BE5B} = {AB94E5C4-E1F3-31B4-BA89-325740E6BE5B}
		{FBDFD081-D65F-39D9-8A1C-72045318CC5B} = {FBDFD081-D65F-39D9-8A1C-72045318CC5B}
	EndProjectSection
EndProject
Project("{8BC9CEB8-8B4A-11D0-8D11-00A0C91BC942}") = "tst_WebServer", "..\tests\vs\tst_WebServer.vcxproj", "{7445E685-39B1-51A9-8019-07E1F56CC46D}"
	ProjectSection(ProjectDependencies) = postProject
		{AB94E5C4-E1F3-31B4-BA89-325740E6BE5B} = {AB94E5C4-E1F3-31B4-BA89-325740E6BE5B}
		{FBDFD081-D65F-39D9-8A1C-72045318CC5B} = {FBDFD081-D65F-39D9-8A1C-72045318CC5B}
	EndProjectSection
EndProject
Global
	GlobalSection(SolutionConfigurationPlatforms) = preSolution
		Debug|x64 = Debug|x64
		Release|x64 = Release|x64
	EndGlobalSection
	GlobalSection(ProjectConfigurationPlatforms) = postSolution
		{AB94E5C4-E1F3-31B4-BA89-325740E6BE5B}.Debug|x64.ActiveCfg = Debug|x64
		{AB94E5C4-E1F3-31B4-BA89-325740E6BE5B}.Debug|x64.Build.0 = Debug|x64
		{AB94E5C4-E1F3-31B4-BA89-325740E6BE5B}.Release|x64.ActiveCfg = Release|x64
		{AB94E5C4-E1F3-31B4-BA89-325740E6BE5B}.Release|x64.Build.0 = Release|x64
		{FBDFD081-D65F-39D9-8A1C-72045318CC5B}.Debug|x64.ActiveCfg = Debug|x64
		{FBDFD081-D65F-39D9-8A1C-72045318CC5B}.Debug|x64.Build.0 = Debug|x64
		{FBDFD081-D65F-39D9-8A1C-72045318CC5B}.Release|x64.ActiveCfg = Release|x64
		{FBDFD081-D65F-39D9-8A1C-72045318CC5B}.Release|x64.Build.0 = Release|x64
		{4ECEE8D7-03DE-3DE1-A2C6-C56B3BD68584}.Debug|x64.ActiveCfg = Debug|x64
		{4ECEE8D7-03DE-3DE1-A2C6-C56B3BD68584}.Debug|x64.Build.0 = Debug|x64
		{4ECEE8D7-03DE-3DE1-A2C6-C56B3BD68584}.Release|x64.ActiveCfg = Release|x64
		{4ECEE8D7-03DE-3DE1-A2C6-C56B3BD68584}.Release|x64.Build.0 = Release|x64
		{CEA0CD5B-F0C0-3EB9-8BEA-C9CEDA11C838}.Debug|x64.ActiveCfg = Debug|x64
		{CEA0CD5B-F0C0-3EB9-8BEA-C9CEDA11C838}.Debug|x64.Build.0 = Debug|x64
		{CEA0CD5B-F0C0-3EB9-8BEA-C9CEDA11C838}.Release|x64.ActiveCfg = Release|x64
		{CEA0CD5B-F0C0-3EB9-8BEA-C9CEDA11C838}.Release|x64.Build.0 = Release|x64
		{8415A7C0-97C7-5BF3-B7A5-6DCEB3BD61D3}.Debug|x64.ActiveCfg = Debug|x64
		{8415A7C0-97C7-5BF3-B7A5-6DCEB3BD61D3}.Debug|x64.Build.0 = Debug|x64
		{8415A7C0-97C7-5BF3-B7A5-6DCEB3BD61D3}.Release|x64.ActiveCfg = Release|x64
		{8415A7C0-97C7-5BF3-B7A5-6DCEB3BD61D3}.Release|x64.Build.0 = Release|x64
		{D217052F-1E17-5CE7-9309-E792BBF8A778}.Debug|x64.ActiveCfg = Debug|x64
		{D217052F-1E17-5CE7-9309-E792BBF8A778}.Debug|x64.Build.0 = Debug|x64
		{D217052F-1E17-5CE7-9309-E792BBF8A778}.Release|x64.ActiveCfg = Release|x64
		{D217052F-1E17-5CE7-9309-E792BBF8A778}.Release|x64.Build.0 = Release|x64
		{91267E2B-1315-5CA5-8596-7AFF85D148D1}.Debug|x64.ActiveCfg = Debug|x64
		{91267E2B-1315-5CA5-8596-7AFF85D148D1}.Debug|x64.Build.0 = Debug|x64
		{91267E2B-1315-5CA5-8596-7AFF85D148D1}.Release|x64.ActiveCfg = Release|x64
		{91267E2B-1315-5CA5-8596-7AFF85D148D1}.Release|x64.Build.0 = Release|x64
		{F5E45B77-C5FA-5181-B196-83582B1F552C}.Debug|x64.ActiveCfg = Debug|x64
		{F5E45B77-C5FA-5181-B196-83582B1F552C}.Debug|x64.Build.0 = Debug|x64
		{F5E45B77-C5FA-5181-B196-83582B1F552C}.Release|x64.ActiveCfg = Release|x64
		{F5E45B77-C5FA-5181-B196-83582B1F552C}.Release|x64.Build.0 = Release|x64
		{FCDB9E7A-49D7-5041-B665-688E300259E0}.Debug|x64.ActiveCfg = Debug|x64
		{FCDB9E7A-49D7-5041-B665-688E300259E0}.Debug|x64.Build.0 = Debug|x64
		{FCDB9E7A-49D7-5041-B665-688E300259E0}.Release|x64.ActiveCfg = Release|x64
		{FCDB9E7A-49D7-5041-B665-688E300259E0}.Release|x64.Build.0 = Release|x64
		{322D5C06-1E8E-52B5-8AF4-631D8AE89C29}.Debug|x64.ActiveCfg = Debug|x64
		{322D5C06-1E8E-52B5-8AF4-631D8AE89C29}.Debug|x64.Build.0 = Debug|x64
		{322D5C06-1E8E-52B5-8AF4-631D8AE89C29}.Release|x64.ActiveCfg = Release|x64
		{322D5C06-1E8E-52B5-8AF4-631D8AE89C29}.Release|x64.Build.0 = Release|x64
		{0374A79C-781E-5CD2-96E0-61BFDF09E2E0}.Debug|x64.ActiveCfg = Debug|x64
		{0374A79C-781E-5CD2-96E0-61BFDF09E2E0}.Debug|x64.Build.0 = Debug|x64
		{0374A79C-781E-5CD2-96E0-61BFDF09E2E0}.Release|x64.ActiveCfg = Release|x64
		{0374A79C-781E-5CD2-96E0-61BFDF09E2E0}.Release|x64.Build.0 = Release|x64
		{33347D11-7DC3-5824-BF4A-CBEF36AB4480}.Debug|x64.ActiveCfg = Debug|x64
		{33347D11-7DC3-5824-BF4A-CBEF36AB4480}.Debug|x64.Build.0 = Debug|x64
		{33347D11-7DC3-5824-BF4A-CBEF36AB4480}.Release|x64.ActiveCfg = Release|x64
		{33347D11-7DC3-5824-BF4A-CBEF36AB4480}.Release|x64.Build.0 = Release|x64
		{B539B849-0924-5909-B381-E19D2E6DD13F}.Debug|x64.ActiveCfg = Debug|x64
		{B539B849-0924-5909-B381-E19D2E6DD13F}.Debug|x64.Build.0 = Debug|x64
		{B539B849-0924-5909-B381-E19D2E6DD13F}.Release|x64.ActiveCfg = Release|x64
		{B539B849-0924-5909-B381-E19D2E6DD13F}.Release|x64.Build.0 = Release|x64
		{FD79B831-20B0-545F-9C9C-E9E7FEF8D7BA}.Debug|x64.ActiveCfg = Debug|x64
		{FD79B831-20B0-545F-9C9C-E9E7FEF8D7BA}.Debug|x64.Build.0 = Debug|x64
		{FD79B831-20B0-545F-9C9C-E9E7FEF8D7BA}.Release|x64.ActiveCfg = Release|x64
		{FD79B831-20B0-545F-9C9C-E9E7FEF8D7BA}.Release|x64.Build.0 = Release|x64
		{2751032A-F9D4-5D05-8683-D1B782CE4E56}.Debug|x64.ActiveCfg = Debug|x64
		{2751032A-F9D4-5D05-8683-D1B782CE4E56}.Debug|x64.Build.0 = Debug|x64
		{2751032A-F9D4-5D05-8683-D1B782CE4E56}.Release|x64.ActiveCfg = Release|x64
		{2751032A-F9D4-5D05-8683-D1B782CE4E56}.Release|x64.Build.0 = Release|x64
		{AFF3F30D-6AB2-5678-BA90-6921AAB61254}.Debug|x64.ActiveCfg = Debug|x64
		{AFF3F30D-6AB2-5678-BA90-6921AAB61254}.Debug|x64.Build.0 = Debug|x64
		{AFF3F30D-6AB2-5678-BA90-6921AAB61254}.Release|x64.ActiveCfg = Release|x64
		{AFF3F30D-6AB2-5678-BA90-6921AAB61254}.Release|x64.Build.0 = Release|x64
		{B1CD1DA7-76D4-5D24-B773-5906FFE630DB}.Debug|x64.ActiveCfg = Debug|x64
		{B1CD1DA7-76D4-5D24-B773-5906FFE630DB}.Debug|x64.Build.0 = Debug|x64
		{B1CD1DA7-76D4-5D24-B773-5906FFE630DB}.Release|x64.ActiveCfg = Release|x64
		{B1CD1DA7-76D4-5D24-B773-5906FFE630DB}.Release|x64.Build.0 = Release|x64
		{86B4DBFE-BE4A-5390-9C93-F5E599FD3E1C}.Debug|x64.ActiveCfg = Debug|x64
		{86B4DBFE-BE4A-5390-9C93-F5E599FD3E1C}.Debug|x64.Build.0 = Debug|x64
		{86B4DBFE-BE4A-5390-9C93-F5E599FD3E1C}.Release|x64.ActiveCfg = Release|x64
		{86B4DBFE-BE4A-5390-9C93-F5E599FD3E1C}.Release|x64.Build.0 = Release|x64
		{3CA876E1-8E5E-5589-B509-BE180CEA005B}.Debug|x64.ActiveCfg = Debug|x64
		{3CA876E1-8E5E-5589-B509-BE180CEA005B}.Debug|x64.Build.0 = Debug|x64
		{3CA876E1-8E5E-5589-B509-BE180CEA005B}.Release|x64.ActiveCfg = Release|x64
		{3CA876E1-8E5E-5589-B509-BE180CEA005B}.Release|x64.Build.0 = Release|x64
		{8D5591A8-C4A4-5338-90B6-679D62DFF00A}.Debug|x64.ActiveCfg = Debug|x64
		{8D5591A8-C4A4-5338-90B6-679D62DFF00A}.Debug|x64.Build.0 = Debug|x64
		{8D5591A8-C4A4-5338-90B6-679D62DFF00A}.Release|x64.ActiveCfg = Release|x64
		{8D5591A8-C4A4-5338-90B6-679D62DFF00A}.Release|x64.Build.0 = Release|x64
		{A72AF31E-7E9B-504F-BADD-8CE707EBDDEC}.Debug|x64.ActiveCfg = Debug|x64
		{A72AF31E-7E9B-504F-BADD-8CE707EBDDEC}.Debug|x64.Build.0 = Debug|x64
		{A72AF31E-7E9B-504F-BADD-8CE707EBDDEC}.Release|x64.ActiveCfg = Release|x64
		{A72AF31E-7E9B-504F-BADD-8CE707EBDDEC}.Release|x64.Build.0 = Release|x64
		{A4712A54-2065-54D1-989E-DDF7E3C2B993}.Debug|x64.ActiveCfg = Debug|x64
		{A4712A54-2065-54D1-989E-DDF7E3C2B993}.Debug|x64.Build.0 = Debug|x64
		{A4712A54-2065-54D1-989E-DDF7E3C2B993}.Release|x64.ActiveCfg = Release|x64
		{A4712A54-2065-54D1-989E-DDF7E3C2B993}.Release|x64.Build.0 = Release|x64
		{47380003-2D89-5FB4-A372-DC7E9D5E4C56}.Debug|x64.ActiveCfg = Debug|x64
		{47380003-2D89-5FB4-A372-DC7E9D5E4C56}.Debug|x64.Build.0 = Debug|x64
		{47380003-2D89-5FB4-A372-DC7E9D5E4C56}.Release|x64.ActiveCfg = Release|x64
		{47380003-2D89-5FB4-A372-DC7E9D5E4C56}.Release|x64.Build.0 = Release|x64
		{943E395E-70AE-5296-9912-345B72CAB1EE}.Debug|x64.ActiveCfg = Debug|x64
		{943E395E-70AE-5296-9912-345B72CAB1EE}.Debug|x64.Build.0 = Debug|x64
		{943E395E-70AE-5296-9912-345B72CAB1EE}.Release|x64.ActiveCfg = Release|x64
		{943E395E-70AE-5296-9912-345B72CAB1EE}.Release|x64.Build.0 = Release|x64
		{AA779A76-DBB2-50DB-ADA2-D5CB37A4087F}.Debug|x64.ActiveCfg = Debug|x64
		{AA779A76-DBB2-50DB-ADA2-D5CB37A4087F}.Debug|x64.Build.0 = Debug|x64
		{AA779A76-DBB2-50DB-ADA2-D5CB37A4087F}.Release|x64.ActiveCfg = Release|x64
		{AA779A76-DBB2-50DB-ADA2-D5CB37A4087F}.Release|x64.Build.0 = Release|x64
		{32211C60-6D16-5E5F-BF23-A8DD750775B6}.Debug|x64.ActiveCfg = Debug|x64
		{32211C60-6D16-5E5F-BF23-A8DD750775B6}.Debug|x64.Build.0 = Debug|x64
		{32211C60-6D16-5E5F-BF23-A8DD750775B6}.Release|x64.ActiveCfg = Release|x64
		{32211C60-6D16-5E5F-BF23-A8DD750775B6}.Release|x64.Build.0 = Release|x64
		{6CC115F7-B4ED-50BE-BF57-F1F690A3103F}.Debug|x64.ActiveCfg = Debug|x64
		{6CC115F7-B4ED-50BE-BF57-F1F690A3103F}.Debug|x64.Build.0 = Debug|x64
		{6CC115F7-B4ED-50BE-BF57-F1F690A3103F}.Release|x64.ActiveCfg = Release|x64
		{6CC115F7-B4ED-50BE-BF57-F1F690A3103F}.Release|x64.Build.0 = Release|x64
		{26E533EC-1729-5E3A-97CA-C9FC6D98C18D}.Debug|x64.ActiveCfg = Debug|x64
		{26E533EC-1729-5E3A-97CA-C9FC6D98C18D}.Debug|x64.Build.0 = Debug|x64
		{26E533EC-1729-5E3A-97CA-C9FC6D98C18D}.Release|x64.ActiveCfg = Release|x64
		{26E533EC-1729-5E3A-97CA-C9FC6D98C18D}.Release|x64.Build.0 = Release|x64
		{97DB6795-5EA5-5A9C-91BA-1B6F088E751E}.Debug|x64.ActiveCfg = Debug|x64
		{97DB6795-5EA5-5A9C-91BA-1B6F088E751E}.Debug|x64.Build.0 = Debug|x64
		{97DB6795-5EA5-5A9C-91BA-1B6F088E751E}.Release|x64.ActiveCfg = Release|x64
		{97DB6795-5EA5-5A9C-91BA-1B6F088E751E}.Release|x64.Build.0 = Release|x64
		{9914F462-ED84-5976-9516-FE3DAAD280EE}.Debug|x64.ActiveCfg = Debug|x64
		{9914F462-ED84-5976-9516-FE3DAAD280EE}.Debug|x64.Build.0 = Debug|x64
		{9914F462-ED84-5976-9516-FE3DAAD280EE}.Release|x64.ActiveCfg = Release|x64
		{9914F462-ED84-5976-9516-FE3DAAD280EE}.Release|x64.Build.0 = Release|x64
		{87D23BB2-5ACD-5580-B819-CAC0ED5343E6}.Debug|x64.ActiveCfg = Debug|x64
		{87D23BB2-5ACD-5580-B819-CAC0ED5343E6}.Debug|x64.Build.0 = Debug|x64
		{87D23BB2-5ACD-5580-B819-CAC0ED5343E6}.Release|x64.ActiveCfg = Release|x64
		{87D23BB2-5ACD-5580-B819-CAC0ED5343E6}.Release|x64.Build.0 = Release|x64
		{4579A4D4-A589-5920-873E-E934C8E714EF}.Debug|x64.ActiveCfg = Debug|x64
		{4579A4D4-A589-5920-873E-E934C8E714EF}.Debug|x64.Build.0 = Debug|x64
		{4579A4D4-A589-5920-873E-E934C8E714EF}.Release|x64.ActiveCfg = Release|x64
		{4579A4D4-A589-5920-873E-E934C8E714EF}.Release|x64.Build.0 = Release|x64
		{44068757-7522-53D7-B777-F878E60C5353}.Debug|x64.ActiveCfg = Debug|x64
		{44068757-7522-53D7-B777-F878E60C5353}.Debug|x64.Build.0 = Debug|x64
		{44068757-7522-53D7-B777-F878E60C5353}.Release|x64.ActiveCfg = Release|x64
		{44068757-7522-53D7-B777-F878E60C5353}.Release|x64.Build.0 = Release|x64
		{4A89C2A9-420F-5CCB-8DD4-5F3DBFD65578}.Debug|x64.ActiveCfg = Debug|x64
		{4A89C2A9-420F-5CCB-8DD4-5F3DBFD65578}.Debug|x64.Build.0 = Debug|x64
		{4A89C2A9-420F-5CCB-8DD4-5F3DBFD65578}.Release|x64.ActiveCfg = Release|x64
		{4A89C2A9-420F-5CCB-8DD4-5F3DBFD65578}.Release|x64.Build.0 = Release|x64
		{72DB0375-F1C3-552A-9B13-CD58DEBFB50D}.Debug|x64.ActiveCfg = Debug|x64
		{72DB0375-F1C3-552A-9B13-CD58DEBFB50D}.Debug|x64.Build.0 = Debug|x64
		{72DB0375-F1C3-552A-9B13-CD58DEBFB50D}.Release|x64.ActiveCfg = Release|x64
		{72DB0375-F1C3-552A-9B13-CD58DEBFB50D}.Release|x64.Build.0 = Release|x64
		{1792CB64-B15F-5DF6-9980-4F0B1BA95F29}.Debug|x64.ActiveCfg = Debug|x64
		{1792CB64-B15F-5DF6-9980-4F0B1BA95F29}.Debug|x64.Build.0 = Debug|x64
		{1792CB64-B15F-5DF6-9980-4F0B1BA95F29}.Release|x64.ActiveCfg = Release|x64
		{1792CB64-B15F-5DF6-9980-4F0B1BA95F29}.Release|x64.Build.0 = Release|x64
		{3F26763A-EFFD-5987-ACF9-527DD540A521}.Debug|x64.ActiveCfg = Debug|x64
		{3F26763A-EFFD-5987-ACF9-527DD540A521}.Debug|x64.Build.0 = Debug|x64
		{3F26763A-EFFD-5987-ACF9-527DD540A521}.Release|x64.ActiveCfg = Release|x64
		{3F26763A-EFFD-5987-ACF9-527DD540A521}.Release|x64.Build.0 = Release|x64
		{4B4C99D8-FA16-5C7A-9301-7E65C655E96D}.Debug|x64.ActiveCfg = Debug|x64
		{4B4C99D8-FA16-5C7A-9301-7E65C655E96D}.Debug|x64.Build.0 = Debug|x64
		{4B4C99D8-FA16-5C7A-9301-7E65C655E96D}.Release|x64.ActiveCfg = Release|x64
		{4B4C99D8-FA16-5C7A-9301-7E65C655E96D}.Release|x64.Build.0 = Release|x64
		{07217FDA-0697-5CC0-B888-43EF7BACEC81}.Debug|x64.ActiveCfg = Debug|x64
		{07217FDA-0697-5CC0-B888-43EF7BACEC81}.Debug|x64.Build.0 = Debug|x64
		{07217FDA-0697-5CC0-B888-43EF7BACEC81}.Release|x64.ActiveCfg = Release|x64
		{07217FDA-0697-5CC0-B888-43EF7BACEC81}.Release|x64.Build.0 = Release|x64
		{6CC20144-BBF7-5BC4-A71E-B26B0311154F}.Debug|x64.ActiveCfg = Debug|x64
		{6CC20144-BBF7-5BC4-A71E-B26B0311154F}.Debug|x64.Build.0 = Debug|x64
		{6CC20144-BBF7-5BC4-A71E-B26B0311154F}.Release|x64.ActiveCfg = Release|x64
		{6CC20144-BBF7-5BC4-A71E-B26B0311154F}.Release|x64.Build.0 = Release|x64
		{90500A53-AB21-5DAB-974A-D2DB5F021198}.Debug|x64.ActiveCfg = Debug|x64
		{90500A53-AB21-5DAB-974A-D2DB5F021198}.Debug|x64.Build.0 = Debug|x64
		{90500A53-AB21-5DAB-974A-D2DB5F021198}.Release|x64.ActiveCfg = Release|x64
		{90500A53-AB21-5DAB-974A-D2DB5F021198}.Release|x64.Build.0 = Release|x64
		{AB5E0E6B-700F-5421-82BB-F65FF6FD5A1D}.Debug|x64.ActiveCfg = Debug|x64
		{AB5E0E6B-700F-5421-82BB-F65FF6FD5A1D}.Debug|x64.Build.0 = Debug|x64
		{AB5E0E6B-700F-5421-82BB-F65FF6FD5A1D}.Release|x64.ActiveCfg = Release|x64
		{AB5E0E6B-700F-5421-82BB-F65FF6FD5A1D}.Release|x64.Build.0 = Release|x64
		{A797CFB5-1BB4-509E-BEAC-60ECB4499F11}.Debug|x64.ActiveCfg = Debug|x64
		{A797CFB5-1BB4-509E-BEAC-60ECB4499F11}.Debug|x64.Build.0 = Debug|x64
		{A797CFB5-1BB4-509E-BEAC-60ECB4499F11}.Release|x64.ActiveCfg = Release|x64
		{A797CFB5-1BB4-509E-BEAC-60ECB4499F11}.Release|x64.Build.0 = Release|x64
		{E5BF63EC-D603-57A3-A912-BD2108810C56}.Debug|x64.ActiveCfg = Debug|x64
		{E5BF63EC-D603-57A3-A912-BD2108810C56}.Debug|x64.Build.0 = Debug|x64
		{E5BF63EC-D603-57A3-A912-BD2108810C56}.Release|x64.ActiveCfg = Release|x64
		{E5BF63EC-D603-57A3-A912-BD2108810C56}.Release|x64.Build.0 = Release|x64
		{195F010A-EF6E-50C8-85E6-8559F64AC72C}.Debug|x64.ActiveCfg = Debug|x64
		{195F010A-EF6E-50C8-85E6-8559F64AC72C}.Debug|x64.Build.0 = Debug|x64
		{195F010A-EF6E-50C8-85E6-8559F64AC72C}.Release|x64.ActiveCfg = Release|x64
		{195F010A-EF6E-50C8-85E6-8559F64AC72C}.Release|x64.Build.0 = Release|x64
		{4B26EF4E-7001-53F2-9EDC-95CE38974355}.Debug|x64.ActiveCfg = Debug|x64
		{4B26EF4E-7001-53F2-9EDC-95CE38974355}.Debug|x64.Build.0 = Debug|x64
		{4B26EF4E-7001-53F2-9EDC-95CE38974355}.Release|x64.ActiveCfg = Release|x64
		{4B26EF4E-7001-53F2-9EDC-95CE38974355}.Release|x64.Build.0 = Release|x64
		{A45AB459-FCF9-544A-9372-E447CFF549C6}.Debug|x64.ActiveCfg = Debug|x64
		{A45AB459-FCF9-544A-9372-E447CFF549C6}.Debug|x64.Build.0 = Debug|x64
		{A45AB459-FCF9-544A-9372-E447CFF549C6}.Release|x64.ActiveCfg = Release|x64
		{A45AB459-FCF9-544A-9372-E447CFF549C6}.Release|x64.Build.0 = Release|x64
		{238F7CCC-39AD-5A0D-A704-44F9ED8547CD}.Debug|x64.ActiveCfg = Debug|x64
		{238F7CCC-39AD-5A0D-A704-44F9ED8547CD}.Debug|x64.Build.0 = Debug|x64
		{238F7CCC-39AD-5A0D-A704-44F9ED8547CD}.Release|x64.ActiveCfg = Release|x64
		{238F7CCC-39AD-5A0D-A704-44F9ED8547CD}.Release|x64.Build.0 = Release|x64
		{13E224AC-E010-5AEC-9883-7171E6E63235}.Debug|x64.ActiveCfg = Debug|x64
		{13E224AC-E010-5AEC-9883-7171E6E63235}.Debug|x64.Build.0 = Debug|x64
		{13E224AC-E010-5AEC-9883-7171E6E63235}.Release|x64.ActiveCfg = Release|x64
		{13E224AC-E010-5AEC-9883-7171E6E63235}.Release|x64.Build.0 = Release|x64
		{04F9F124-5914-58FF-A5F3-68F6A7D866B7}.Debug|x64.ActiveCfg = Debug|x64
		{04F9F124-5914-58FF-A5F3-68F6A7D866B7}.Debug|x64.Build.0 = Debug|x64
		{04F9F124-5914-58FF-A5F3-68F6A7D866B7}.Release|x64.ActiveCfg = Release|x64
		{04F9F124-5914-58FF-A5F3-68F6A7D866B7}.Release|x64.Build.0 = Release|x64
		{0C9AC6BB-A4E6-5831-A74B-9E995F0075E9}.Debug|x64.ActiveCfg = Debug|x64
		{0C9AC6BB-A4E6-5831-A74B-9E995F0075E9}.Debug|x64.Build.0 = Debug|x64
		{0C9AC6BB-A4E6-5831-A74B-9E995F0075E9}.Release|x64.ActiveCfg = Release|x64
		{0C9AC6BB-A4E6-5831-A74B-9E995F0075E9}.Release|x64.Build.0 = Release|x64
		{8D352823-C973-5004-B147-33FDDD4AFC3F}.Debug|x64.ActiveCfg = Debug|x64
		{8D352823-C973-5004-B147-33FDDD4AFC3F}.Debug|x64.Build.0 = Debug|x64
		{8D352823-C973-5004-B147-33FDDD4AFC3F}.Release|x64.ActiveCfg = Release|x64
		{8D352823-C973-5004-B147-33FDDD4AFC3F}.Release|x64.Build.0 = Release|x64
		{81295919-988B-5D90-BE81-7997CA3E78EE}.Debug|x64.ActiveCfg = Debug|x64
		{81295919-988B-5D90-BE81-7997CA3E78EE}.Debug|x64.Build.0 = Debug|x64
		{81295919-988B-5D90-BE81-7997CA3E78EE}.Release|x64.ActiveCfg = Release|x64
		{81295919-988B-5D90-BE81-7997CA3E78EE}.Release|x64.Build.0 = Release|x64
		{135338A1-9336-5F76-8F14-A500EF21BAB5}.Debug|x64.ActiveCfg = Debug|x64
		{135338A1-9336-5F76-8F14-A500EF21BAB5}.Debug|x64.Build.0 = Debug|x64
		{135338A1-9336-5F76-8F14-A500EF21BAB5}.Release|x64.ActiveCfg = Release|x64
		{135338A1-9336-5F76-8F14-A500EF21BAB5}.Release|x64.Build.0 = Release|x64
		{6D7BE4F6-0519-588B-A38E-2521E27A0D80}.Debug|x64.ActiveCfg = Debug|x64
		{6D7BE4F6-0519-588B-A38E-2521E27A0D80}.Debug|x64.Build.0 = Debug|x64
		{6D7BE4F6-0519-588B-A38E-2521E27A0D80}.Release|x64.ActiveCfg = Release|x64
		{6D7BE4F6-0519-588B-A38E-2521E27A0D80}.Release|x64.Build.0 = Release|x64
		{F9996AEA-D987-5DA2-BACD-3FA2F47BB27A}.Debug|x64.ActiveCfg = Debug|x64
		{F9996AEA-D987-5DA2-BACD-3FA2F47BB27A}.Debug|x64.Build.0 = Debug|x64
		{F9996AEA-D987-5DA2-BACD-3FA2F47BB27A}.Release|x64.ActiveCfg = Release|x64
		{F9996AEA-D987-5DA2-BACD-3FA2F47BB27A}.Release|x64.Build.0 = Release|x64
		{26C3AB91-D958-5E97-AC13-95741ECB6F9D}.Debug|x64.ActiveCfg = Debug|x64
		{26C3AB91-D958-5E97-AC13-95741ECB6F9D}.Debug|x64.Build.0 = Debug|x64
		{26C3AB91-D958-5E97-AC13-95741ECB6F9D}.Release|x64.ActiveCfg = Release|x64
		{26C3AB91-D958-5E97-AC13-95741ECB6F9D}.Release|x64.Build.0 = Release|x64
		{B0004AD1-A099-5C80-BFF4-E9894BFC5129}.Debug|x64.ActiveCfg = Debug|x64
		{B0004AD1-A099-5C80-BFF4-E9894BFC5129}.Debug|x64.Build.0 = Debug|x64
		{B0004AD1-A099-5C80-BFF4-E9894BFC5129}.Release|x64.ActiveCfg = Release|x64
		{B0004AD1-A099-5C80-BFF4-E9894BFC5129}.Release|x64.Build.0 = Release|x64
		{151FECCB-0E67-5EFB-AA76-8851D03D7A9C}.Debug|x64.ActiveCfg = Debug|x64
		{151FECCB-0E67-5EFB-AA76-8851D03D7A9C}.Debug|x64.Build.0 = Debug|x64
		{151FECCB-0E67-5EFB-AA76-8851D03D7A9C}.Release|x64.ActiveCfg = Release|x64
		{151FECCB-0E67-5EFB-AA76-8851D03D7A9C}.Release|x64.Build.0 = Release|x64
		{0264906A-5309-5974-949E-BE5693909F18}.Debug|x64.ActiveCfg = Debug|x64
		{0264906A-5309-5974-949E-BE5693909F18}.Debug|x64.Build.0 = Debug|x64
		{0264906A-5309-5974-949E-BE5693909F18}.Release|x64.ActiveCfg = Release|x64
		{0264906A-5309-5974-949E-BE5693909F18}.Release|x64.Build.0 = Release|x64
		{1886289E-17CA-583D-87F5-21790E6FEE99}.Debug|x64.ActiveCfg = Debug|x64
		{1886289E-17CA-583D-87F5-21790E6FEE99}.Debug|x64.Build.0 = Debug|x64
		{1886289E-17CA-583D-87F5-21790E6FEE99}.Release|x64.ActiveCfg = Release|x64
		{1886289E-17CA-583D-87F5-21790E6FEE99}.Release|x64.Build.0 = Release|x64
		{C3AD7B0C-FFD9-5673-8645-D128F5623AEF}.Debug|x64.ActiveCfg = Debug|x64
		{C3AD7B0C-FFD9-5673-8645-D128F5623AEF}.Debug|x64.Build.0 = Debug|x64
		{C3AD7B0C-FFD9-5673-8645-D128F5623AEF}.Release|x64.ActiveCfg = Release|x64
		{C3AD7B0C-FFD9-5673-8645-D128F5623AEF}.Release|x64.Build.0 = Release|x64
		{B5B8C61D-51BE-5A2C-B8DD-2695A87D2A53}.Debug|x64.ActiveCfg = Debug|x64
		{B5B8C61D-51BE-5A2C-B8DD-2695A87D2A53}.Debug|x64.Build.0 = Debug|x64
		{B5B8C61D-51BE-5A2C-B8DD-2695A87D2A53}.Release|x64.ActiveCfg = Release|x64
		{B5B8C61D-51BE-5A2C-B8DD-2695A87D2A53}.Release|x64.Build.0 = Release|x64
		{EE02D29B-C1A6-5B41-A44C-FC499DDE94CA}.Debug|x64.ActiveCfg = Debug|x64
		{EE02D29B-C1A6-5B41-A44C-FC499DDE94CA}.Debug|x64.Build.0 = Debug|x64
		{EE02D29B-C1A6-5B41-A44C-FC499DDE94CA}.Release|x64.ActiveCfg = Release|x64
		{EE02D29B-C1A6-5B41-A44C-FC499DDE94CA}.Release|x64.Build.0 = Release|x64
		{854E9341-23B0-5604-914E-445A5964DE78}.Debug|x64.ActiveCfg = Debug|x64
		{854E9341-23B0-5604-914E-445A5964DE78}.Debug|x64.Build.0 = Debug|x64
		{854E9341-23B0-5604-914E-445A5964DE78}.Release|x64.ActiveCfg = Release|x64
		{854E9341-23B0-5604-914E-445A5964DE78}.Release|x64.Build.0 = Release|x64
		{31E3CFE0-E7AD-5AB3-BFF9-F1802A8EA763}.Debug|x64.ActiveCfg = Debug|x64
		{31E3CFE0-E7AD-5AB3-BFF9-F1802A8EA763}.Debug|x64.Build.0 = Debug|x64
		{31E3CFE0-E7AD-5AB3-BFF9-F1802A8EA763}.Release|x64.ActiveCfg = Release|x64
		{31E3CFE0-E7AD-5AB3-BFF9-F1802A8EA763}.Release|x64.Build.0 = Release|x64
		{C3096B58-50CA-540B-B9AA-63D2CC50EDE5}.Debug|x64.ActiveCfg = Debug|x64
		{C3096B58-50CA-540B-B9AA-63D2CC50EDE5}.Debug|x64.Build.0 = Debug|x64
		{C3096B58-50CA-540B-B9AA-63D2CC50EDE5}.Release|x64.ActiveCfg = Release|x64
		{C3096B58-50CA-540B-B9AA-63D2CC50EDE5}.Release|x64.Build.0 = Release|x64
		{7E6C2710-8337-5506-B97B-54E1DE2E4D28}.Debug|x64.ActiveCfg = Debug|x64
		{7E6C2710-8337-5506-B97B-54E1DE2E4D28}.Debug|x64.Build.0 = Debug|x64
		{7E6C2710-8337-5506-B97B-54E1DE2E4D28}.Release|x64.ActiveCfg = Release|x64
		{7E6C2710-8337-5506-B97B-54E1DE2E4D28}.Release|x64.Build.0 = Release|x64
		{E737F46E-D175-5505-BF3C-5F2E62EA971B}.Debug|x64.ActiveCfg = Debug|x64
		{E737F46E-D175-5505-BF3C-5F2E62EA971B}.Debug|x64.Build.0 = Debug|x64
		{E737F46E-D175-5505-BF3C-5F2E62EA971B}.Release|x64.ActiveCfg = Release|x64
		{E737F46E-D175-5505-BF3C-5F2E62EA971B}.Release|x64.Build.0 = Release|x64
		{AE5428B5-51D2-539D-8981-277955E7E0DD}.Debug|x64.ActiveCfg = Debug|x64
		{AE5428B5-51D2-539D-8981-277955E7E0DD}.Debug|x64.Build.0 = Debug|x64
		{AE5428B5-51D2-539D-8981-277955E7E0DD}.Release|x64.ActiveCfg = Release|x64
		{AE5428B5-51D2-539D-8981-277955E7E0DD}.Release|x64.Build.0 = Release|x64
		{C7749CCD-72D2-5353-98F2-A2B7B301EB69}.Debug|x64.ActiveCfg = Debug|x64
		{C7749CCD-72D2-5353-98F2-A2B7B301EB69}.Debug|x64.Build.0 = Debug|x64
		{C7749CCD-72D2-5353-98F2-A2B7B301EB69}.Release|x64.ActiveCfg = Release|x64
		{C7749CCD-72D2-5353-98F2-A2B7B301EB69}.Release|x64.Build.0 = Release|x64
		{9C773FA7-F4F6-591B-B1A7-5C4B7C1366CC}.Debug|x64.ActiveCfg = Debug|x64
		{9C773FA7-F4F6-591B-B1A7-5C4B7C1366CC}.Debug|x64.Build.0 = Debug|x64
		{9C773FA7-F4F6-591B-B1A7-5C4B7C1366CC}.Release|x64.ActiveCfg = Release|x64
		{9C773FA7-F4F6-591B-B1A7-5C4B7C1366CC}.Release|x64.Build.0 = Release|x64
		{9E7AC431-A7FA-5081-BF2C-FE05DB23ECCE}.Debug|x64.ActiveCfg = Debug|x64
		{9E7AC431-A7FA-5081-BF2C-FE05DB23ECCE}.Debug|x64.Build.0 = Debug|x64
		{9E7AC431-A7FA-5081-BF2C-FE05DB23ECCE}.Release|x64.ActiveCfg = Release|x64
		{9E7AC431-A7FA-5081-BF2C-FE05DB23ECCE}.Release|x64.Build.0 = Release|x64
		{CEDFF882-D7A6-573A-859A-700E2FDE58DB}.Debug|x64.ActiveCfg = Debug|x64
		{CEDFF882-D7A6-573A-859A-700E2FDE58DB}.Debug|x64.Build.0 = Debug|x64
		{CEDFF882-D7A6-573A-859A-700E2FDE58DB}.Release|x64.ActiveCfg = Release|x64
		{CEDFF882-D7A6-573A-859A-700E2FDE58DB}.Release|x64.Build.0 = Release|x64
		{20EAA313-E8C4-55F0-B1B6-16A262C211AC}.Debug|x64.ActiveCfg = Debug|x64
		{20EAA313-E8C4-55F0-B1B6-16A262C211AC}.Debug|x64.Build.0 = Debug|x64
		{20EAA313-E8C4-55F0-B1B6-16A262C211AC}.Release|x64.ActiveCfg = Release|x64
		{20EAA313-E8C4-55F0-B1B6-16A262C211AC}.Release|x64.Build.0 = Release|x64
		{33175A89-D12C-5781-B267-8AF11D240827}.Debug|x64.ActiveCfg = Debug|x64
		{33175A89-D12C-5781-B267-8AF11D240827}.Debug|x64.Build.0 = Debug|x64
		{33175A89-D12C-5781-B267-8AF11D240827}.Release|x64.ActiveCfg = Release|x64
		{33175A89-D12C-5781-B267-8AF11D240827}.Release|x64.Build.0 = Release|x64
		{60A1D393-ABEF-5084-B912-5E9680A1AB3D}.Debug|x64.ActiveCfg = Debug|x64
		{60A1D393-ABEF-5084-B912-5E9680A1AB3D}.Debug|x64.Build.0 = Debug|x64
		{60A1D393-ABEF-5084-B912-5E9680A1AB3D}.Release|x64.ActiveCfg = Release|x64
		{60A1D393-ABEF-5084-B912-5E9680A1AB3D}.Release|x64.Build.0 = Release|x64
		{948BC3BB-0A27-5F21-9659-2D0D78A675B4}.Debug|x64.ActiveCfg = Debug|x64
		{948BC3BB-0A27-5F21-9659-2D0D78A675B4}.Debug|x64.Build.0 = Debug|x64
		{948BC3BB-0A27-5F21-9659-2D0D78A675B4}.Release|x64.ActiveCfg = Release|x64
		{948BC3BB-0A27-5F21-9659-2D0D78A675B4}.Release|x64.Build.0 = Release|x64
		{9B6E0F2A-AEB5-52F2-BEAB-BAB5603DC106}.Debug|x64.ActiveCfg = Debug|x64
		{9B6E0F2A-AEB5-52F2-BEAB-BAB5603DC106}.Debug|x64.Build.0 = Debug|x64
		{9B6E0F2A-AEB5-52F2-BEAB-BAB5603DC106}.Release|x64.ActiveCfg = Release|x64
		{9B6E0F2A-AEB5-52F2-BEAB-BAB5603DC106}.Release|x64.Build.0 = Release|x64
		{45EF262D-74A3-58F6-9DBD-56CB565D3486}.Debug|x64.ActiveCfg = Debug|x64
		{45EF262D-74A3-58F6-9DBD-56CB565D3486}.Debug|x64.Build.0 = Debug|x64
		{45EF262D-74A3-58F6-9DBD-56CB565D3486}.Release|x64.ActiveCfg = Release|x64
		{45EF262D-74A3-58F6-9DBD-56CB565D3486}.Release|x64.Build.0 = Release|x64
		{2050BD76-F7E3-50D9-85DA-983C7E6EE0A1}.Debug|x64.ActiveCfg = Debug|x64
		{2050BD76-F7E3-50D9-85DA-983C7E6EE0A1}.Debug|x64.Build.0 = Debug|x64
		{2050BD76-F7E3-50D9-85DA-983C7E6EE0A1}.Release|x64.ActiveCfg = Release|x64
		{2050BD76-F7E3-50D9-85DA-983C7E6EE0A1}.Release|x64.Build.0 = Release|x64
		{FD59FF89-6442-5B87-8A54-8D7CF1155E54}.Debug|x64.ActiveCfg = Debug|x64
		{FD59FF89-6442-5B87-8A54-8D7CF1155E54}.Debug|x64.Build.0 = Debug|x64
		{FD59FF89-6442-5B87-8A54-8D7CF1155E54}.Release|x64.ActiveCfg = Release|x64
		{FD59FF89-6442-5B87-8A54-8D7CF1155E54}.Release|x64.Build.0 = Release|x64
		{1D795848-C024-5895-ABA5-434CC38CFB91}.Debug|x64.ActiveCfg = Debug|x64
		{1D795848-C024-5895-ABA5-434CC38CFB91}.Debug|x64.Build.0 = Debug|x64
		{1D795848-C024-5895-ABA5-434CC38CFB91}.Release|x64.ActiveCfg = Release|x64
		{1D795848-C024-5895-ABA5-434CC38CFB91}.Release|x64.Build.0 = Release|x64
		{8AAF2632-5876-5B8E-8F50-BF89A6B06D98}.Debug|x64.ActiveCfg = Debug|x64
		{8AAF2632-5876-5B8E-8F50-BF89A6B06D98}.Debug|x64.Build.0 = Debug|x64
		{8AAF2632-5876-5B8E-8F50-BF89A6B06D98}.Release|x64.ActiveCfg = Release|x64
		{8AAF2632-5876-5B8E-8F50-BF89A6B06D98}.Release|x64.Build.0 = Release|x64
		{D4D5D370-1532-5105-BD96-9FC00AFDF448}.Debug|x64.ActiveCfg = Debug|x64
		{D4D5D370-1532-5105-BD96-9FC00AFDF448}.Debug|x64.Build.0 = Debug|x64
		{D4D5D370-1532-5105-BD96-9FC00AFDF448}.Release|x64.ActiveCfg = Release|x64
		{D4D5D370-1532-5105-BD96-9FC00AFDF448}.Release|x64.Build.0 = Release|x64
		{ED34D903-08DC-559C-9399-35866DF3C578}.Debug|x64.ActiveCfg = Debug|x64
		{ED34D903-08DC-559C-9399-35866DF3C578}.Debug|x64.Build.0 = Debug|x64
		{ED34D903-08DC-559C-9399-35866DF3C578}.Release|x64.ActiveCfg = Release|x64
		{ED34D903-08DC-559C-9399-35866DF3C578}.Release|x64.Build.0 = Release|x64
		{F328008A-E6B4-5CBD-B865-68DB08AE6043}.Debug|x64.ActiveCfg = Debug|x64
		{F328008A-E6B4-5CBD-B865-68DB08AE6043}.Debug|x64.Build.0 = Debug|x64
		{F328008A-E6B4-5CBD-B865-68DB08AE6043}.Release|x64.ActiveCfg = Release|x64
		{F328008A-E6B4-5CBD-B865-68DB08AE6043}.Release|x64.Build.0 = Release|x64
		{54733F25-B749-5C40-9C88-AAA1141C2F23}.Debug|x64.ActiveCfg = Debug|x64
		{54733F25-B749-5C40-9C88-AAA1141C2F23}.Debug|x64.Build.0 = Debug|x64
		{54733F25-B749-5C40-9C88-AAA1141C2F23}.Release|x64.ActiveCfg = Release|x64
		{54733F25-B749-5C40-9C88-AAA1141C2F23}.Release|x64.Build.0 = Release|x64
		{43663F7D-5A75-5667-877E-1CB69D2646CE}.Debug|x64.ActiveCfg = Debug|x64
		{43663F7D-5A75-5667-877E-1CB69D2646CE}.Debug|x64.Build.0 = Debug|x64
		{43663F7D-5A75-5667-877E-1CB69D2646CE}.Release|x64.ActiveCfg = Release|x64
		{43663F7D-5A75-5667-877E-1CB69D2646CE}.Release|x64.Build.0 = Release|x64
		{603A9EC5-22F5-5C3E-9410-70666032F22C}.Debug|x64.ActiveCfg = Debug|x64
		{603A9EC5-22F5-5C3E-9410-70666032F22C}.Debug|x64.Build.0 = Debug|x64
		{603A9EC5-22F5-5C3E-9410-70666032F22C}.Release|x64.ActiveCfg = Release|x64
		{603A9EC5-22F5-5C3E-9410-70666032F22C}.Release|x64.Build.0 = Release|x64
		{43FA940A-3271-5974-926A-7D4E6D2594E1}.Debug|x64.ActiveCfg = Debug|x64
		{43FA940A-3271-5974-926A-7D4E6D2594E1}.Debug|x64.Build.0 = Debug|x64
		{43FA940A-3271-5974-926A-7D4E6D2594E1}.Release|x64.ActiveCfg = Release|x64
		{43FA940A-3271-5974-926A-7D4E6D2594E1}.Release|x64.Build.0 = Release|x64
		{D19FB08E-D93C-5471-AD23-8A97A42D9B8B}.Debug|x64.ActiveCfg = Debug|x64
		{D19FB08E-D93C-5471-AD23-8A97A42D9B8B}.Debug|x64.Build.0 = Debug|x64
		{D19FB08E-D93C-5471-AD23-8A97A42D9B8B}.Release|x64.ActiveCfg = Release|x64
		{D19FB08E-D93C-5471-AD23-8A97A42D9B8B}.Release|x64.Build.0 = Release|x64
		{08948B01-4BA1-5C65-9EC1-E7BD9245E871}.Debug|x64.ActiveCfg = Debug|x64
		{08948B01-4BA1-5C65-9EC1-E7BD9245E871}.Debug|x64.Build.0 = Debug|x64
		{08948B01-4BA1-5C65-9EC1-E7BD9245E871}.Release|x64.ActiveCfg = Release|x64
		{08948B01-4BA1-5C65-9EC1-E7BD9245E871}.Release|x64.Build.0 = Release|x64
		{F6DFC51A-63E9-5C5C-BA36-C5A540788D63}.Debug|x64.ActiveCfg = Debug|x64
		{F6DFC51A-63E9-5C5C-BA36-C5A540788D63}.Debug|x64.Build.0 = Debug|x64
		{F6DFC51A-63E9-5C5C-BA36-C5A540788D63}.Release|x64.ActiveCfg = Release|x64
		{F6DFC51A-63E9-5C5C-BA36-C5A540788D63}.Release|x64.Build.0 = Release|x64
		{A505CA09-8EF2-5D5C-ADDB-7F461DA6E6AF}.Debug|x64.ActiveCfg = Debug|x64
		{A505CA09-8EF2-5D5C-ADDB-7F461DA6E6AF}.Debug|x64.Build.0 = Debug|x64
		{A505CA09-8EF2-5D5C-ADDB-7F461DA6E6AF}.Release|x64.ActiveCfg = Release|x64
		{A505CA09-8EF2-5D5C-ADDB-7F461DA6E6AF}.Release|x64.Build.0 = Release|x64
		{14F9A2DE-1982-506A-B412-84BA2253B579}.Debug|x64.ActiveCfg = Debug|x64
		{14F9A2DE-1982-506A-B412-84BA2253B579}.Debug|x64.Build.0 = Debug|x64
		{14F9A2DE-1982-506A-B412-84BA2253B579}.Release|x64.ActiveCfg = Release|x64
		{14F9A2DE-1982-506A-B412-84BA2253B579}.Release|x64.Build.0 = Release|x64
		{5CAEDADE-D59D-5B8F-ADBF-16357E070427}.Debug|x64.ActiveCfg = Debug|x64
		{5CAEDADE-D59D-5B8F-ADBF-16357E070427}.Debug|x64.Build.0 = Debug|x64
		{5CAEDADE-D59D-5B8F-ADBF-16357E070427}.Release|x64.ActiveCfg = Release|x64
		{5CAEDADE-D59D-5B8F-ADBF-16357E070427}.Release|x64.Build.0 = Release|x64
		{720013BF-E043-579D-A0E8-A5899EF3D794}.Debug|x64.ActiveCfg = Debug|x64
		{720013BF-E043-579D-A0E8-A5899EF3D794}.Debug|x64.Build.0 = Debug|x64
		{720013BF-E043-579D-A0E8-A5899EF3D794}.Release|x64.ActiveCfg = Release|x64
		{720013BF-E043-579D-A0E8-A5899EF3D794}.Release|x64.Build.0 = Release|x64
		{4E83BEA1-A9A2-5DBE-A426-B58DB7AB5CE7}.Debug|x64.ActiveCfg = Debug|x64
		{4E83BEA1-A9A2-5DBE-A426-B58DB7AB5CE7}.Debug|x64.Build.0 = Debug|x64
		{4E83BEA1-A9A2-5DBE-A426-B58DB7AB5CE7}.Release|x64.ActiveCfg = Release|x64
		{4E83BEA1-A9A2-5DBE-A426-B58DB7AB5CE7}.Release|x64.Build.0 = Release|x64
		{7403FCC2-D587-5DCF-9CCA-1B3CE2530D5E}.Debug|x64.ActiveCfg = Debug|x64
		{7403FCC2-D587-5DCF-9CCA-1B3CE2530D5E}.Debug|x64.Build.0 = Debug|x64
		{7403FCC2-D587-5DCF-9CCA-1B3CE2530D5E}.Release|x64.ActiveCfg = Release|x64
		{7403FCC2-D587-5DCF-9CCA-1B3CE2530D5E}.Release|x64.Build.0 = Release|x64
		{2977F958-2CB5-5EAA-818E-467AD2ABEBDE}.Debug|x64.ActiveCfg = Debug|x64
		{2977F958-2CB5-5EAA-818E-467AD2ABEBDE}.Debug|x64.Build.0 = Debug|x64
		{2977F958-2CB5-5EAA-818E-467AD2ABEBDE}.Release|x64.ActiveCfg = Release|x64
		{2977F958-2CB5-5EAA-818E-467AD2ABEBDE}.Release|x64.Build.0 = Release|x64
		{B67C5BCB-9E69-54AF-88B2-133C9ACD8574}.Debug|x64.ActiveCfg = Debug|x64
		{B67C5BCB-9E69-54AF-88B2-133C9ACD8574}.Debug|x64.Build.0 = Debug|x64
		{B67C5BCB-9E69-54AF-88B2-133C9ACD8574}.Release|x64.ActiveCfg = Release|x64
		{B67C5BCB-9E69-54AF-88B2-133C9ACD8574}.Release|x64.Build.0 = Release|x64
		{1351BDA7-4AFB-562F-8C0F-D5E834C2F721}.Debug|x64.ActiveCfg = Debug|x64
		{1351BDA7-4AFB-562F-8C0F-D5E834C2F721}.Debug|x64.Build.0 = Debug|x64
		{1351BDA7-4AFB-562F-8C0F-D5E834C2F721}.Release|x64.ActiveCfg = Release|x64
		{1351BDA7-4AFB-562F-8C0F-D5E834C2F721}.Release|x64.Build.0 = Release|x64
		{2C9AA034-9F6A-5161-8EAF-78DB74B776C1}.Debug|x64.ActiveCfg = Debug|x64
		{2C9AA034-9F6A-5161-8EAF-78DB74B776C1}.Debug|x64.Build.0 = Debug|x64
		{2C9AA034-9F6A-5161-8EAF-78DB74B776C1}.Release|x64.ActiveCfg = Release|x64
		{2C9AA034-9F6A-5161-8EAF-78DB74B776C1}.Release|x64.Build.0 = Release|x64
		{BCA2D8B0-973F-5D93-B247-79163CB5E3CD}.Debug|x64.ActiveCfg = Debug|x64
		{BCA2D8B0-973F-5D93-B247-79163CB5E3CD}.Debug|x64.Build.0 = Debug|x64
		{BCA2D8B0-973F-5D93-B247-79163CB5E3CD}.Release|x64.ActiveCfg = Release|x64
		{BCA2D8B0-973F-5D93-B247-79163CB5E3CD}.Release|x64.Build.0 = Release|x64
		{EF8201EA-B3A3-5529-AE95-A0C0C33D85B6}.Debug|x64.ActiveCfg = Debug|x64
		{EF8201EA-B3A3-5529-AE95-A0C0C33D85B6}.Debug|x64.Build.0 = Debug|x64
		{EF8201EA-B3A3-5529-AE95-A0C0C33D85B6}.Release|x64.ActiveCfg = Release|x64
		{EF8201EA-B3A3-5529-AE95-A0C0C33D85B6}.Release|x64.Build.0 = Release|x64
		{1448958A-BEDD-5A82-94A3-25B2533D52D1}.Debug|x64.ActiveCfg = Debug|x64
		{1448958A-BEDD-5A82-94A3-25B2533D52D1}.Debug|x64.Build.0 = Debug|x64
		{1448958A-BEDD-5A82-94A3-25B2533D52D1}.Release|x64.ActiveCfg = Release|x64
		{1448958A-BEDD-5A82-94A3-25B2533D52D1}.Release|x64.Build.0 = Release|x64
		{4BA6665B-88AE-57A7-8FDB-CE0CACD7ACCB}.Debug|x64.ActiveCfg = Debug|x64
		{4BA6665B-88AE-57A7-8FDB-CE0CACD7ACCB}.Debug|x64.Build.0 = Debug|x64
		{4BA6665B-88AE-57A7-8FDB-CE0CACD7ACCB}.Release|x64.ActiveCfg = Release|x64
		{4BA6665B-88AE-57A7-8FDB-CE0CACD7ACCB}.Release|x64.Build.0 = Release|x64
		{678E8D0F-4C0C-5128-8A8E-381DFB62D387}.Debug|x64.ActiveCfg = Debug|x64
		{678E8D0F-4C0C-5128-8A8E-381DFB62D387}.Debug|x64.Build.0 = Debug|x64
		{678E8D0F-4C0C-5128-8A8E-381DFB62D387}.Release|x64.ActiveCfg = Release|x64
		{678E8D0F-4C0C-5128-8A8E-381DFB62D387}.Release|x64.Build.0 = Release|x64
		{0C4046D6-F14D-5839-B939-48F60EC2A4A8}.Debug|x64.ActiveCfg = Debug|x64
		{0C4046D6-F14D-5839-B939-48F60EC2A4A8}.Debug|x64.Build.0 = Debug|x64
		{0C4046D6-F14D-5839-B939-48F60EC2A4A8}.Release|x64.ActiveCfg = Release|x64
		{0C4046D6-F14D-5839-B939-48F60EC2A4A8}.Release|x64.Build.0 = Release|x64
		{2C49A178-D138-5226-B641-FA291E83529D}.Debug|x64.ActiveCfg = Debug|x64
		{2C49A178-D138-5226-B641-FA291E83529D}.Debug|x64.Build.0 = Debug|x64
		{2C49A178-D138-5226-B641-FA291E83529D}.Release|x64.ActiveCfg = Release|x64
		{2C49A178-D138-5226-B641-FA291E83529D}.Release|x64.Build.0 = Release|x64
		{7445E685-39B1-51A9-8019-07E1F56CC46D}.Debug|x64.ActiveCfg = Debug|x64
		{7445E685-39B1-51A9-8019-07E1F56CC46D}.Debug|x64.Build.0 = Debug|x64
		{7445E685-39B1-51A9-8019-07E1F56CC46D}.Release|x64.ActiveCfg = Release|x64
		{7445E685-39B1-51A9-8019-07E1F56CC46D}.Release|x64.Build.0 = Release|x64
	EndGlobalSection
	GlobalSection(NestedProjects) = preSolution
		{8415A7C0-97C7-5BF3-B7A5-6DCEB3BD61D3} = {E0A0B5F0-0001-0001-0001-000000000001}
		{D217052F-1E17-5CE7-9309-E792BBF8A778} = {E0A0B5F0-0001-0001-0001-000000000001}
		{91267E2B-1315-5CA5-8596-7AFF85D148D1} = {E0A0B5F0-0001-0001-0001-000000000001}
		{F5E45B77-C5FA-5181-B196-83582B1F552C} = {E0A0B5F0-0001-0001-0001-000000000001}
		{FCDB9E7A-49D7-5041-B665-688E300259E0} = {E0A0B5F0-0001-0001-0001-000000000001}
		{322D5C06-1E8E-52B5-8AF4-631D8AE89C29} = {E0A0B5F0-0001-0001-0001-000000000001}
		{0374A79C-781E-5CD2-96E0-61BFDF09E2E0} = {E0A0B5F0-0001-0001-0001-000000000001}
		{33347D11-7DC3-5824-BF4A-CBEF36AB4480} = {E0A0B5F0-0001-0001-0001-000000000001}
		{B539B849-0924-5909-B381-E19D2E6DD13F} = {E0A0B5F0-0001-0001-0001-000000000001}
		{FD79B831-20B0-545F-9C9C-E9E7FEF8D7BA} = {E0A0B5F0-0001-0001-0001-000000000001}
		{2751032A-F9D4-5D05-8683-D1B782CE4E56} = {E0A0B5F0-0001-0001-0001-000000000001}
		{AFF3F30D-6AB2-5678-BA90-6921AAB61254} = {E0A0B5F0-0001-0001-0001-000000000001}
		{B1CD1DA7-76D4-5D24-B773-5906FFE630DB} = {E0A0B5F0-0001-0001-0001-000000000001}
		{86B4DBFE-BE4A-5390-9C93-F5E599FD3E1C} = {E0A0B5F0-0001-0001-0001-000000000001}
		{3CA876E1-8E5E-5589-B509-BE180CEA005B} = {E0A0B5F0-0001-0001-0001-000000000001}
		{8D5591A8-C4A4-5338-90B6-679D62DFF00A} = {E0A0B5F0-0001-0001-0001-000000000001}
		{A72AF31E-7E9B-504F-BADD-8CE707EBDDEC} = {E0A0B5F0-0001-0001-0001-000000000001}
		{A4712A54-2065-54D1-989E-DDF7E3C2B993} = {E0A0B5F0-0001-0001-0001-000000000001}
		{47380003-2D89-5FB4-A372-DC7E9D5E4C56} = {E0A0B5F0-0001-0001-0001-000000000001}
		{943E395E-70AE-5296-9912-345B72CAB1EE} = {E0A0B5F0-0001-0001-0001-000000000001}
		{AA779A76-DBB2-50DB-ADA2-D5CB37A4087F} = {E0A0B5F0-0001-0001-0001-000000000001}
		{32211C60-6D16-5E5F-BF23-A8DD750775B6} = {E0A0B5F0-0001-0001-0001-000000000001}
		{6CC115F7-B4ED-50BE-BF57-F1F690A3103F} = {E0A0B5F0-0001-0001-0001-000000000001}
		{26E533EC-1729-5E3A-97CA-C9FC6D98C18D} = {E0A0B5F0-0001-0001-0001-000000000001}
		{97DB6795-5EA5-5A9C-91BA-1B6F088E751E} = {E0A0B5F0-0001-0001-0001-000000000001}
		{9914F462-ED84-5976-9516-FE3DAAD280EE} = {E0A0B5F0-0001-0001-0001-000000000001}
		{87D23BB2-5ACD-5580-B819-CAC0ED5343E6} = {E0A0B5F0-0001-0001-0001-000000000001}
		{4579A4D4-A589-5920-873E-E934C8E714EF} = {E0A0B5F0-0001-0001-0001-000000000001}
		{44068757-7522-53D7-B777-F878E60C5353} = {E0A0B5F0-0001-0001-0001-000000000001}
		{4A89C2A9-420F-5CCB-8DD4-5F3DBFD65578} = {E0A0B5F0-0001-0001-0001-000000000001}
		{72DB0375-F1C3-552A-9B13-CD58DEBFB50D} = {E0A0B5F0-0001-0001-0001-000000000001}
		{1792CB64-B15F-5DF6-9980-4F0B1BA95F29} = {E0A0B5F0-0001-0001-0001-000000000001}
		{3F26763A-EFFD-5987-ACF9-527DD540A521} = {E0A0B5F0-0001-0001-0001-000000000001}
		{4B4C99D8-FA16-5C7A-9301-7E65C655E96D} = {E0A0B5F0-0001-0001-0001-000000000001}
		{07217FDA-0697-5CC0-B888-43EF7BACEC81} = {E0A0B5F0-0001-0001-0001-000000000001}
		{6CC20144-BBF7-5BC4-A71E-B26B0311154F} = {E0A0B5F0-0001-0001-0001-000000000001}
		{90500A53-AB21-5DAB-974A-D2DB5F021198} = {E0A0B5F0-0001-0001-0001-000000000001}
		{AB5E0E6B-700F-5421-82BB-F65FF6FD5A1D} = {E0A0B5F0-0001-0001-0001-000000000001}
		{A797CFB5-1BB4-509E-BEAC-60ECB4499F11} = {E0A0B5F0-0001-0001-0001-000000000001}
		{E5BF63EC-D603-57A3-A912-BD2108810C56} = {E0A0B5F0-0001-0001-0001-000000000001}
		{195F010A-EF6E-50C8-85E6-8559F64AC72C} = {E0A0B5F0-0001-0001-0001-000000000001}
		{4B26EF4E-7001-53F2-9EDC-95CE38974355} = {E0A0B5F0-0001-0001-0001-000000000001}
		{A45AB459-FCF9-544A-9372-E447CFF549C6} = {E0A0B5F0-0001-0001-0001-000000000001}
		{238F7CCC-39AD-5A0D-A704-44F9ED8547CD} = {E0A0B5F0-0001-0001-0001-000000000001}
		{13E224AC-E010-5AEC-9883-7171E6E63235} = {E0A0B5F0-0001-0001-0001-000000000001}
		{04F9F124-5914-58FF-A5F3-68F6A7D866B7} = {E0A0B5F0-0001-0001-0001-000000000001}
		{0C9AC6BB-A4E6-5831-A74B-9E995F0075E9} = {E0A0B5F0-0001-0001-0001-000000000001}
		{8D352823-C973-5004-B147-33FDDD4AFC3F} = {E0A0B5F0-0001-0001-0001-000000000001}
		{81295919-988B-5D90-BE81-7997CA3E78EE} = {E0A0B5F0-0001-0001-0001-000000000001}
		{135338A1-9336-5F76-8F14-A500EF21BAB5} = {E0A0B5F0-0001-0001-0001-000000000001}
		{6D7BE4F6-0519-588B-A38E-2521E27A0D80} = {E0A0B5F0-0001-0001-0001-000000000001}
		{F9996AEA-D987-5DA2-BACD-3FA2F47BB27A} = {E0A0B5F0-0001-0001-0001-000000000001}
		{26C3AB91-D958-5E97-AC13-95741ECB6F9D} = {E0A0B5F0-0001-0001-0001-000000000001}
		{B0004AD1-A099-5C80-BFF4-E9894BFC5129} = {E0A0B5F0-0001-0001-0001-000000000001}
		{151FECCB-0E67-5EFB-AA76-8851D03D7A9C} = {E0A0B5F0-0001-0001-0001-000000000001}
		{0264906A-5309-5974-949E-BE5693909F18} = {E0A0B5F0-0001-0001-0001-000000000001}
		{1886289E-17CA-583D-87F5-21790E6FEE99} = {E0A0B5F0-0001-0001-0001-000000000001}
		{C3AD7B0C-FFD9-5673-8645-D128F5623AEF} = {E0A0B5F0-0001-0001-0001-000000000001}
		{B5B8C61D-51BE-5A2C-B8DD-2695A87D2A53} = {E0A0B5F0-0001-0001-0001-000000000001}
		{EE02D29B-C1A6-5B41-A44C-FC499DDE94CA} = {E0A0B5F0-0001-0001-0001-000000000001}
		{854E9341-23B0-5604-914E-445A5964DE78} = {E0A0B5F0-0001-0001-0001-000000000001}
		{31E3CFE0-E7AD-5AB3-BFF9-F1802A8EA763} = {E0A0B5F0-0001-0001-0001-000000000001}
		{C3096B58-50CA-540B-B9AA-63D2CC50EDE5} = {E0A0B5F0-0001-0001-0001-000000000001}
		{7E6C2710-8337-5506-B97B-54E1DE2E4D28} = {E0A0B5F0-0001-0001-0001-000000000001}
		{E737F46E-D175-5505-BF3C-5F2E62EA971B} = {E0A0B5F0-0001-0001-0001-000000000001}
		{AE5428B5-51D2-539D-8981-277955E7E0DD} = {E0A0B5F0-0001-0001-0001-000000000001}
		{C7749CCD-72D2-5353-98F2-A2B7B301EB69} = {E0A0B5F0-0001-0001-0001-000000000001}
		{9C773FA7-F4F6-591B-B1A7-5C4B7C1366CC} = {E0A0B5F0-0001-0001-0001-000000000001}
		{9E7AC431-A7FA-5081-BF2C-FE05DB23ECCE} = {E0A0B5F0-0001-0001-0001-000000000001}
		{CEDFF882-D7A6-573A-859A-700E2FDE58DB} = {E0A0B5F0-0001-0001-0001-000000000001}
		{20EAA313-E8C4-55F0-B1B6-16A262C211AC} = {E0A0B5F0-0001-0001-0001-000000000001}
		{33175A89-D12C-5781-B267-8AF11D240827} = {E0A0B5F0-0001-0001-0001-000000000001}
		{60A1D393-ABEF-5084-B912-5E9680A1AB3D} = {E0A0B5F0-0001-0001-0001-000000000001}
		{948BC3BB-0A27-5F21-9659-2D0D78A675B4} = {E0A0B5F0-0001-0001-0001-000000000001}
		{9B6E0F2A-AEB5-52F2-BEAB-BAB5603DC106} = {E0A0B5F0-0001-0001-0001-000000000001}
		{45EF262D-74A3-58F6-9DBD-56CB565D3486} = {E0A0B5F0-0001-0001-0001-000000000001}
		{2050BD76-F7E3-50D9-85DA-983C7E6EE0A1} = {E0A0B5F0-0001-0001-0001-000000000001}
		{FD59FF89-6442-5B87-8A54-8D7CF1155E54} = {E0A0B5F0-0001-0001-0001-000000000001}
		{1D795848-C024-5895-ABA5-434CC38CFB91} = {E0A0B5F0-0001-0001-0001-000000000001}
		{8AAF2632-5876-5B8E-8F50-BF89A6B06D98} = {E0A0B5F0-0001-0001-0001-000000000001}
		{D4D5D370-1532-5105-BD96-9FC00AFDF448} = {E0A0B5F0-0001-0001-0001-000000000001}
		{ED34D903-08DC-559C-9399-35866DF3C578} = {E0A0B5F0-0001-0001-0001-000000000001}
		{F328008A-E6B4-5CBD-B865-68DB08AE6043} = {E0A0B5F0-0001-0001-0001-000000000001}
		{54733F25-B749-5C40-9C88-AAA1141C2F23} = {E0A0B5F0-0001-0001-0001-000000000001}
		{43663F7D-5A75-5667-877E-1CB69D2646CE} = {E0A0B5F0-0001-0001-0001-000000000001}
		{603A9EC5-22F5-5C3E-9410-70666032F22C} = {E0A0B5F0-0001-0001-0001-000000000001}
		{43FA940A-3271-5974-926A-7D4E6D2594E1} = {E0A0B5F0-0001-0001-0001-000000000001}
		{D19FB08E-D93C-5471-AD23-8A97A42D9B8B} = {E0A0B5F0-0001-0001-0001-000000000001}
		{08948B01-4BA1-5C65-9EC1-E7BD9245E871} = {E0A0B5F0-0001-0001-0001-000000000001}
		{F6DFC51A-63E9-5C5C-BA36-C5A540788D63} = {E0A0B5F0-0001-0001-0001-000000000001}
		{A505CA09-8EF2-5D5C-ADDB-7F461DA6E6AF} = {E0A0B5F0-0001-0001-0001-000000000001}
		{14F9A2DE-1982-506A-B412-84BA2253B579} = {E0A0B5F0-0001-0001-0001-000000000001}
		{5CAEDADE-D59D-5B8F-ADBF-16357E070427} = {E0A0B5F0-0001-0001-0001-000000000001}
		{720013BF-E043-579D-A0E8-A5899EF3D794} = {E0A0B5F0-0001-0001-0001-000000000001}
		{4E83BEA1-A9A2-5DBE-A426-B58DB7AB5CE7} = {E0A0B5F0-0001-0001-0001-000000000001}
		{7403FCC2-D587-5DCF-9CCA-1B3CE2530D5E} = {E0A0B5F0-0001-0001-0001-000000000001}
		{2977F958-2CB5-5EAA-818E-467AD2ABEBDE} = {E0A0B5F0-0001-0001-0001-000000000001}
		{B67C5BCB-9E69-54AF-88B2-133C9ACD8574} = {E0A0B5F0-0001-0001-0001-000000000001}
		{1351BDA7-4AFB-562F-8C0F-D5E834C2F721} = {E0A0B5F0-0001-0001-0001-000000000001}
		{2C9AA034-9F6A-5161-8EAF-78DB74B776C1} = {E0A0B5F0-0001-0001-0001-000000000001}
		{BCA2D8B0-973F-5D93-B247-79163CB5E3CD} = {E0A0B5F0-0001-0001-0001-000000000001}
		{EF8201EA-B3A3-5529-AE95-A0C0C33D85B6} = {E0A0B5F0-0001-0001-0001-000000000001}
		{1448958A-BEDD-5A82-94A3-25B2533D52D1} = {E0A0B5F0-0001-0001-0001-000000000001}
		{4BA6665B-88AE-57A7-8FDB-CE0CACD7ACCB} = {E0A0B5F0-0001-0001-0001-000000000001}
		{678E8D0F-4C0C-5128-8A8E-381DFB62D387} = {E0A0B5F0-0001-0001-0001-000000000001}
		{0C4046D6-F14D-5839-B939-48F60EC2A4A8} = {E0A0B5F0-0001-0001-0001-000000000001}
		{2C49A178-D138-5226-B641-FA291E83529D} = {E0A0B5F0-0001-0001-0001-000000000001}
		{7445E685-39B1-51A9-8019-07E1F56CC46D} = {E0A0B5F0-0001-0001-0001-000000000001}
	EndGlobalSection
	GlobalSection(ExtensibilityGlobals) = postSolution
	EndGlobalSection
	GlobalSection(ExtensibilityAddIns) = postSolution
	EndGlobalSection
EndGlobal
